{
  "name": "@activeledger/httpd",
  "version": "2.15.5",
  "lockfileVersion": 2,
  "requires": true,
  "packages": {
    "": {
      "name": "@activeledger/httpd",
      "version": "2.15.5",
      "license": "MIT",
      "dependencies": {
        "@activeledger/activelogger": "^2.14.6",
        "@activeledger/activeutilities": "^2.15.5",
        "uWebSockets.js": "github:uNetworking/uWebSockets.js#v20.51.0"
      },
      "devDependencies": {
        "@types/node": "18.0.0",
        "typescript": "4.7.3"
      }
    },
    "node_modules/@activeledger/activelogger": {
      "version": "2.14.6",
      "resolved": "https://registry.npmjs.org/@activeledger/activelogger/-/activelogger-2.14.6.tgz",
      "integrity": "sha512-9kJCUQ+lFBxjxOhc+d3cH2Fmp3MprRaegENFh8ESgEKVqrXE4jnoFrpxE5+R+EaBP6uNqwisvSBnGu4pfdU8Xw=="
    },
    "node_modules/@activeledger/activeutilities": {
      "version": "2.15.5",
      "resolved": "https://registry.npmjs.org/@activeledger/activeutilities/-/activeutilities-2.15.5.tgz",
      "integrity": "sha512-NC6PK6qqD9iHpwtOQERVH+lZKFr9HlOl/XZBjokezuk1Jpj/BPvRATViYbmrK1HkUA0IHXdFt2jqkNQEcMR93A=="
    },
    "node_modules/@types/node": {
      "version": "18.0.0",
      "resolved": "https://registry.npmjs.org/@types/node/-/node-18.0.0.tgz",
      "integrity": "sha512-cHlGmko4gWLVI27cGJntjs/Sj8th9aYwplmZFwmmgYQQvL5NUsgVJG7OddLvNfLqYS31KFN0s3qlaD9qCaxACA==",
      "dev": true
    },
    "node_modules/typescript": {
      "version": "4.7.3",
      "resolved": "https://registry.npmjs.org/typescript/-/typescript-4.7.3.tgz",
      "integrity": "sha512-WOkT3XYvrpXx4vMMqlD+8R8R37fZkjyLGlxavMc4iB8lrl8L0DeTcHbYgw/v0N/z9wAFsgBhcsF0ruoySS22mA==",
      "dev": true,
      "bin": {
        "tsc": "bin/tsc",
        "tsserver": "bin/tsserver"
      },
      "engines": {
        "node": ">=4.2.0"
      }
    },
    "node_modules/uWebSockets.js": {
      "version": "20.51.0",
      "resolved": "git+ssh://git@github.com/uNetworking/uWebSockets.js.git#6609a88ffa9a16ac5158046761356ce03250a0df",
      "license": "Apache-2.0"
    }
  },
  "dependencies": {
    "@activeledger/activelogger": {
      "version": "2.14.6",
      "resolved": "https://registry.npmjs.org/@activeledger/activelogger/-/activelogger-2.14.6.tgz",
      "integrity": "sha512-9kJCUQ+lFBxjxOhc+d3cH2Fmp3MprRaegENFh8ESgEKVqrXE4jnoFrpxE5+R+EaBP6uNqwisvSBnGu4pfdU8Xw=="
    },
    "@activeledger/activeutilities": {
      "version": "2.15.5",
      "resolved": "https://registry.npmjs.org/@activeledger/activeutilities/-/activeutilities-2.15.5.tgz",
      "integrity": "sha512-NC6PK6qqD9iHpwtOQERVH+lZKFr9HlOl/XZBjokezuk1Jpj/BPvRATViYbmrK1HkUA0IHXdFt2jqkNQEcMR93A=="
    },
    "@types/node": {
      "version": "18.0.0",
      "resolved": "https://registry.npmjs.org/@types/node/-/node-18.0.0.tgz",
      "integrity": "sha512-cHlGmko4gWLVI27cGJntjs/Sj8th9aYwplmZFwmmgYQQvL5NUsgVJG7OddLvNfLqYS31KFN0s3qlaD9qCaxACA==",
      "dev": true
    },
    "typescript": {
      "version": "4.7.3",
      "resolved": "https://registry.npmjs.org/typescript/-/typescript-4.7.3.tgz",
      "integrity": "sha512-WOkT3XYvrpXx4vMMqlD+8R8R37fZkjyLGlxavMc4iB8lrl8L0DeTcHbYgw/v0N/z9wAFsgBhcsF0ruoySS22mA==",
      "dev": true
    },
    "uWebSockets.js": {
      "version": "git+ssh://git@github.com/uNetworking/uWebSockets.js.git#6609a88ffa9a16ac5158046761356ce03250a0df",
      "from": "uWebSockets.js@github:uNetworking/uWebSockets.js#v20.51.0"
    }
  }
}
