{
  "name": "@activeledger/activestorage",
  "version": "4.2.0",
  "lockfileVersion": 3,
  "requires": true,
  "packages": {
    "": {
      "name": "@activeledger/activestorage",
      "version": "4.2.0",
      "license": "MIT",
      "dependencies": {
        "@activeledger/activelogger": "^4.2.0",
        "@activeledger/activeoptions": "^4.2.0",
        "@activeledger/activeutilities": "^4.2.0",
        "@activeledger/httpd": "^4.2.0",
        "classic-level": "^3.0.0"
      },
      "devDependencies": {
        "@types/levelup": "5.1.1",
        "@types/node": "18.0.0",
        "copyfiles": "2.4.1",
        "levelup": "5.1.1",
        "typescript": "4.7.3"
      }
    },
    "../definitions": {
      "name": "@activeledger/activedefinitions",
      "version": "4.1.0",
      "dev": true,
      "license": "MIT",
      "dependencies": {
        "@types/events": "^3.0.0"
      },
      "devDependencies": {
        "@types/node": "18.0.0",
        "typescript": "4.7.3"
      }
    },
    "../definitions/node_modules/@types/events": {
      "version": "3.0.0",
      "dev": true,
      "license": "MIT"
    },
    "../definitions/node_modules/@types/node": {
      "version": "18.0.0",
      "dev": true,
      "license": "MIT"
    },
    "../definitions/node_modules/typescript": {
      "version": "4.7.3",
      "dev": true,
      "license": "Apache-2.0",
      "bin": {
        "tsc": "bin/tsc",
        "tsserver": "bin/tsserver"
      },
      "engines": {
        "node": ">=4.2.0"
      }
    },
    "../httpd": {
      "name": "@activeledger/httpd",
      "version": "4.1.0",
      "license": "MIT",
      "dependencies": {
        "@activeledger/activelogger": "4.1.0",
        "@activeledger/activeutilities": "4.1.0",
        "uWebSockets.js": "github:uNetworking/uWebSockets.js#v20.67.0"
      },
      "devDependencies": {
        "@types/node": "18.0.0",
        "typescript": "4.7.3"
      }
    },
    "../httpd/node_modules/@activeledger/activelogger": {
      "resolved": "../logger",
      "link": true
    },
    "../httpd/node_modules/@activeledger/activeutilities": {
      "resolved": "../utilities",
      "link": true
    },
    "../httpd/node_modules/@types/node": {
      "version": "18.0.0",
      "dev": true,
      "license": "MIT"
    },
    "../httpd/node_modules/typescript": {
      "version": "4.7.3",
      "dev": true,
      "license": "Apache-2.0",
      "bin": {
        "tsc": "bin/tsc",
        "tsserver": "bin/tsserver"
      },
      "engines": {
        "node": ">=4.2.0"
      }
    },
    "../httpd/node_modules/uWebSockets.js": {
      "version": "20.67.0",
      "license": "Apache-2.0"
    },
    "../logger": {
      "name": "@activeledger/activelogger",
      "version": "4.1.0",
      "license": "MIT",
      "dependencies": {
        "winston": "^3.15.0",
        "winston-daily-rotate-file": "^5.0.0"
      },
      "devDependencies": {
        "@types/node": "18.0.0",
        "typescript": "4.7.3"
      }
    },
    "../logger/node_modules/@colors/colors": {
      "version": "1.6.0",
      "license": "MIT",
      "engines": {
        "node": ">=0.1.90"
      }
    },
    "../logger/node_modules/@dabh/diagnostics": {
      "version": "2.0.3",
      "license": "MIT",
      "dependencies": {
        "colorspace": "1.1.x",
        "enabled": "2.0.x",
        "kuler": "^2.0.0"
      }
    },
    "../logger/node_modules/@types/node": {
      "version": "18.0.0",
      "dev": true,
      "license": "MIT"
    },
    "../logger/node_modules/@types/triple-beam": {
      "version": "1.3.5",
      "license": "MIT"
    },
    "../logger/node_modules/abort-controller": {
      "version": "3.0.0",
      "license": "MIT",
      "dependencies": {
        "event-target-shim": "^5.0.0"
      },
      "engines": {
        "node": ">=6.5"
      }
    },
    "../logger/node_modules/async": {
      "version": "3.2.6",
      "license": "MIT"
    },
    "../logger/node_modules/base64-js": {
      "version": "1.5.1",
      "funding": [
        {
          "type": "github",
          "url": "https://github.com/sponsors/feross"
        },
        {
          "type": "patreon",
          "url": "https://www.patreon.com/feross"
        },
        {
          "type": "consulting",
          "url": "https://feross.org/support"
        }
      ],
      "license": "MIT"
    },
    "../logger/node_modules/buffer": {
      "version": "6.0.3",
      "funding": [
        {
          "type": "github",
          "url": "https://github.com/sponsors/feross"
        },
        {
          "type": "patreon",
          "url": "https://www.patreon.com/feross"
        },
        {
          "type": "consulting",
          "url": "https://feross.org/support"
        }
      ],
      "license": "MIT",
      "dependencies": {
        "base64-js": "^1.3.1",
        "ieee754": "^1.2.1"
      }
    },
    "../logger/node_modules/color": {
      "version": "3.2.1",
      "license": "MIT",
      "dependencies": {
        "color-convert": "^1.9.3",
        "color-string": "^1.6.0"
      }
    },
    "../logger/node_modules/color-convert": {
      "version": "1.9.3",
      "license": "MIT",
      "dependencies": {
        "color-name": "1.1.3"
      }
    },
    "../logger/node_modules/color-name": {
      "version": "1.1.3",
      "license": "MIT"
    },
    "../logger/node_modules/color-string": {
      "version": "1.9.1",
      "license": "MIT",
      "dependencies": {
        "color-name": "^1.0.0",
        "simple-swizzle": "^0.2.2"
      }
    },
    "../logger/node_modules/colorspace": {
      "version": "1.1.4",
      "license": "MIT",
      "dependencies": {
        "color": "^3.1.3",
        "text-hex": "1.0.x"
      }
    },
    "../logger/node_modules/enabled": {
      "version": "2.0.0",
      "license": "MIT"
    },
    "../logger/node_modules/event-target-shim": {
      "version": "5.0.1",
      "license": "MIT",
      "engines": {
        "node": ">=6"
      }
    },
    "../logger/node_modules/events": {
      "version": "3.3.0",
      "license": "MIT",
      "engines": {
        "node": ">=0.8.x"
      }
    },
    "../logger/node_modules/fecha": {
      "version": "4.2.3",
      "license": "MIT"
    },
    "../logger/node_modules/file-stream-rotator": {
      "version": "0.6.1",
      "license": "MIT",
      "dependencies": {
        "moment": "^2.29.1"
      }
    },
    "../logger/node_modules/fn.name": {
      "version": "1.1.0",
      "license": "MIT"
    },
    "../logger/node_modules/ieee754": {
      "version": "1.2.1",
      "funding": [
        {
          "type": "github",
          "url": "https://github.com/sponsors/feross"
        },
        {
          "type": "patreon",
          "url": "https://www.patreon.com/feross"
        },
        {
          "type": "consulting",
          "url": "https://feross.org/support"
        }
      ],
      "license": "BSD-3-Clause"
    },
    "../logger/node_modules/inherits": {
      "version": "2.0.4",
      "license": "ISC"
    },
    "../logger/node_modules/is-arrayish": {
      "version": "0.3.2",
      "license": "MIT"
    },
    "../logger/node_modules/is-stream": {
      "version": "2.0.1",
      "license": "MIT",
      "engines": {
        "node": ">=8"
      },
      "funding": {
        "url": "https://github.com/sponsors/sindresorhus"
      }
    },
    "../logger/node_modules/kuler": {
      "version": "2.0.0",
      "license": "MIT"
    },
    "../logger/node_modules/logform": {
      "version": "2.6.1",
      "license": "MIT",
      "dependencies": {
        "@colors/colors": "1.6.0",
        "@types/triple-beam": "^1.3.2",
        "fecha": "^4.2.0",
        "ms": "^2.1.1",
        "safe-stable-stringify": "^2.3.1",
        "triple-beam": "^1.3.0"
      },
      "engines": {
        "node": ">= 12.0.0"
      }
    },
    "../logger/node_modules/moment": {
      "version": "2.30.1",
      "license": "MIT",
      "engines": {
        "node": "*"
      }
    },
    "../logger/node_modules/ms": {
      "version": "2.1.3",
      "license": "MIT"
    },
    "../logger/node_modules/object-hash": {
      "version": "3.0.0",
      "license": "MIT",
      "engines": {
        "node": ">= 6"
      }
    },
    "../logger/node_modules/one-time": {
      "version": "1.0.0",
      "license": "MIT",
      "dependencies": {
        "fn.name": "1.x.x"
      }
    },
    "../logger/node_modules/process": {
      "version": "0.11.10",
      "license": "MIT",
      "engines": {
        "node": ">= 0.6.0"
      }
    },
    "../logger/node_modules/readable-stream": {
      "version": "3.6.2",
      "license": "MIT",
      "dependencies": {
        "inherits": "^2.0.3",
        "string_decoder": "^1.1.1",
        "util-deprecate": "^1.0.1"
      },
      "engines": {
        "node": ">= 6"
      }
    },
    "../logger/node_modules/safe-buffer": {
      "version": "5.2.1",
      "funding": [
        {
          "type": "github",
          "url": "https://github.com/sponsors/feross"
        },
        {
          "type": "patreon",
          "url": "https://www.patreon.com/feross"
        },
        {
          "type": "consulting",
          "url": "https://feross.org/support"
        }
      ],
      "license": "MIT"
    },
    "../logger/node_modules/safe-stable-stringify": {
      "version": "2.5.0",
      "license": "MIT",
      "engines": {
        "node": ">=10"
      }
    },
    "../logger/node_modules/simple-swizzle": {
      "version": "0.2.2",
      "license": "MIT",
      "dependencies": {
        "is-arrayish": "^0.3.1"
      }
    },
    "../logger/node_modules/stack-trace": {
      "version": "0.0.10",
      "license": "MIT",
      "engines": {
        "node": "*"
      }
    },
    "../logger/node_modules/string_decoder": {
      "version": "1.3.0",
      "license": "MIT",
      "dependencies": {
        "safe-buffer": "~5.2.0"
      }
    },
    "../logger/node_modules/text-hex": {
      "version": "1.0.0",
      "license": "MIT"
    },
    "../logger/node_modules/triple-beam": {
      "version": "1.4.1",
      "license": "MIT",
      "engines": {
        "node": ">= 14.0.0"
      }
    },
    "../logger/node_modules/typescript": {
      "version": "4.7.3",
      "dev": true,
      "license": "Apache-2.0",
      "bin": {
        "tsc": "bin/tsc",
        "tsserver": "bin/tsserver"
      },
      "engines": {
        "node": ">=4.2.0"
      }
    },
    "../logger/node_modules/util-deprecate": {
      "version": "1.0.2",
      "license": "MIT"
    },
    "../logger/node_modules/winston": {
      "version": "3.15.0",
      "license": "MIT",
      "dependencies": {
        "@colors/colors": "^1.6.0",
        "@dabh/diagnostics": "^2.0.2",
        "async": "^3.2.3",
        "is-stream": "^2.0.0",
        "logform": "^2.6.0",
        "one-time": "^1.0.0",
        "readable-stream": "^3.4.0",
        "safe-stable-stringify": "^2.3.1",
        "stack-trace": "0.0.x",
        "triple-beam": "^1.3.0",
        "winston-transport": "^4.7.0"
      },
      "engines": {
        "node": ">= 12.0.0"
      }
    },
    "../logger/node_modules/winston-daily-rotate-file": {
      "version": "5.0.0",
      "license": "MIT",
      "dependencies": {
        "file-stream-rotator": "^0.6.1",
        "object-hash": "^3.0.0",
        "triple-beam": "^1.4.1",
        "winston-transport": "^4.7.0"
      },
      "engines": {
        "node": ">=8"
      },
      "peerDependencies": {
        "winston": "^3"
      }
    },
    "../logger/node_modules/winston-transport": {
      "version": "4.8.0",
      "license": "MIT",
      "dependencies": {
        "logform": "^2.6.1",
        "readable-stream": "^4.5.2",
        "triple-beam": "^1.3.0"
      },
      "engines": {
        "node": ">= 12.0.0"
      }
    },
    "../logger/node_modules/winston-transport/node_modules/readable-stream": {
      "version": "4.5.2",
      "license": "MIT",
      "dependencies": {
        "abort-controller": "^3.0.0",
        "buffer": "^6.0.3",
        "events": "^3.3.0",
        "process": "^0.11.10",
        "string_decoder": "^1.3.0"
      },
      "engines": {
        "node": "^12.22.0 || ^14.17.0 || >=16.0.0"
      }
    },
    "../options": {
      "name": "@activeledger/activeoptions",
      "version": "4.1.0",
      "license": "MIT",
      "dependencies": {
        "@activeledger/activelogger": "4.1.0",
        "@activeledger/activeutilities": "4.1.0",
        "minimist": "1.2.6"
      },
      "devDependencies": {
        "@activeledger/activedefinitions": "4.1.0",
        "@types/minimist": "1.2.2",
        "@types/node": "18.0.0",
        "typescript": "4.7.3"
      }
    },
    "../options/node_modules/@activeledger/activedefinitions": {
      "resolved": "../definitions",
      "link": true
    },
    "../options/node_modules/@activeledger/activelogger": {
      "resolved": "../logger",
      "link": true
    },
    "../options/node_modules/@activeledger/activeutilities": {
      "resolved": "../utilities",
      "link": true
    },
    "../options/node_modules/@types/minimist": {
      "version": "1.2.2",
      "dev": true,
      "license": "MIT"
    },
    "../options/node_modules/@types/node": {
      "version": "18.0.0",
      "dev": true,
      "license": "MIT"
    },
    "../options/node_modules/minimist": {
      "version": "1.2.6",
      "license": "MIT"
    },
    "../options/node_modules/typescript": {
      "version": "4.7.3",
      "dev": true,
      "license": "Apache-2.0",
      "bin": {
        "tsc": "bin/tsc",
        "tsserver": "bin/tsserver"
      },
      "engines": {
        "node": ">=4.2.0"
      }
    },
    "../utilities": {
      "name": "@activeledger/activeutilities",
      "version": "4.1.0",
      "license": "MIT",
      "dependencies": {
        "msgpackr": "^2.0.1",
        "undici": "6.18.2"
      },
      "devDependencies": {
        "@types/node": "18.0.0",
        "typescript": "4.7.3"
      }
    },
    "../utilities/node_modules/@types/node": {
      "version": "18.0.0",
      "dev": true,
      "license": "MIT"
    },
    "../utilities/node_modules/msgpackr": {
      "version": "2.0.6",
      "license": "MIT",
      "optionalDependencies": {
        "msgpackr-extract": "^3.0.4"
      }
    },
    "../utilities/node_modules/typescript": {
      "version": "4.7.3",
      "dev": true,
      "license": "Apache-2.0",
      "bin": {
        "tsc": "bin/tsc",
        "tsserver": "bin/tsserver"
      },
      "engines": {
        "node": ">=4.2.0"
      }
    },
    "../utilities/node_modules/undici": {
      "version": "6.18.2",
      "license": "MIT",
      "engines": {
        "node": ">=18.17"
      }
    },
    "node_modules/@activeledger/activelogger": {
      "resolved": "../logger",
      "link": true
    },
    "node_modules/@activeledger/activeoptions": {
      "resolved": "../options",
      "link": true
    },
    "node_modules/@activeledger/activeutilities": {
      "resolved": "../utilities",
      "link": true
    },
    "node_modules/@activeledger/httpd": {
      "resolved": "../httpd",
      "link": true
    },
    "node_modules/@types/abstract-leveldown": {
      "version": "5.0.2",
      "dev": true,
      "license": "MIT"
    },
    "node_modules/@types/level-errors": {
      "version": "3.0.0",
      "dev": true,
      "license": "MIT"
    },
    "node_modules/@types/levelup": {
      "version": "5.1.1",
      "dev": true,
      "license": "MIT",
      "dependencies": {
        "@types/abstract-leveldown": "*",
        "@types/level-errors": "*",
        "@types/node": "*"
      }
    },
    "node_modules/@types/node": {
      "version": "18.0.0",
      "dev": true,
      "license": "MIT"
    },
    "node_modules/abstract-level": {
      "version": "3.1.1",
      "license": "MIT",
      "dependencies": {
        "buffer": "^6.0.3",
        "is-buffer": "^2.0.5",
        "level-supports": "^6.2.0",
        "level-transcoder": "^1.0.1",
        "maybe-combine-errors": "^1.0.0",
        "module-error": "^1.0.1"
      },
      "engines": {
        "node": ">=18"
      }
    },
    "node_modules/abstract-leveldown": {
      "version": "7.2.0",
      "dev": true,
      "license": "MIT",
      "dependencies": {
        "buffer": "^6.0.3",
        "catering": "^2.0.0",
        "is-buffer": "^2.0.5",
        "level-concat-iterator": "^3.0.0",
        "level-supports": "^2.0.1",
        "queue-microtask": "^1.2.3"
      },
      "engines": {
        "node": ">=10"
      }
    },
    "node_modules/abstract-leveldown/node_modules/level-supports": {
      "version": "2.1.0",
      "resolved": "https://registry.npmjs.org/level-supports/-/level-supports-2.1.0.tgz",
      "integrity": "sha512-E486g1NCjW5cF78KGPrMDRBYzPuueMZ6VBXHT6gC7A8UYWGiM14fGgp+s/L1oFfDWSPV/+SFkYCmZ0SiESkRKA==",
      "dev": true,
      "license": "MIT",
      "engines": {
        "node": ">=10"
      }
    },
    "node_modules/ansi-regex": {
      "version": "5.0.0",
      "dev": true,
      "license": "MIT",
      "engines": {
        "node": ">=8"
      }
    },
    "node_modules/ansi-styles": {
      "version": "4.3.0",
      "dev": true,
      "license": "MIT",
      "dependencies": {
        "color-convert": "^2.0.1"
      },
      "engines": {
        "node": ">=8"
      },
      "funding": {
        "url": "https://github.com/chalk/ansi-styles?sponsor=1"
      }
    },
    "node_modules/balanced-match": {
      "version": "1.0.2",
      "dev": true,
      "license": "MIT"
    },
    "node_modules/base64-js": {
      "version": "1.5.1",
      "funding": [
        {
          "type": "github",
          "url": "https://github.com/sponsors/feross"
        },
        {
          "type": "patreon",
          "url": "https://www.patreon.com/feross"
        },
        {
          "type": "consulting",
          "url": "https://feross.org/support"
        }
      ],
      "license": "MIT"
    },
    "node_modules/brace-expansion": {
      "version": "1.1.11",
      "dev": true,
      "license": "MIT",
      "dependencies": {
        "balanced-match": "^1.0.0",
        "concat-map": "0.0.1"
      }
    },
    "node_modules/buffer": {
      "version": "6.0.3",
      "funding": [
        {
          "type": "github",
          "url": "https://github.com/sponsors/feross"
        },
        {
          "type": "patreon",
          "url": "https://www.patreon.com/feross"
        },
        {
          "type": "consulting",
          "url": "https://feross.org/support"
        }
      ],
      "license": "MIT",
      "dependencies": {
        "base64-js": "^1.3.1",
        "ieee754": "^1.2.1"
      }
    },
    "node_modules/catering": {
      "version": "2.1.1",
      "dev": true,
      "license": "MIT",
      "engines": {
        "node": ">=6"
      }
    },
    "node_modules/classic-level": {
      "version": "3.0.0",
      "hasInstallScript": true,
      "license": "MIT",
      "dependencies": {
        "abstract-level": "^3.1.0",
        "module-error": "^1.0.1",
        "napi-macros": "^2.2.2",
        "node-gyp-build": "^4.3.0"
      },
      "engines": {
        "node": ">=18"
      }
    },
    "node_modules/cliui": {
      "version": "7.0.4",
      "dev": true,
      "license": "ISC",
      "dependencies": {
        "string-width": "^4.2.0",
        "strip-ansi": "^6.0.0",
        "wrap-ansi": "^7.0.0"
      }
    },
    "node_modules/color-convert": {
      "version": "2.0.1",
      "dev": true,
      "license": "MIT",
      "dependencies": {
        "color-name": "~1.1.4"
      },
      "engines": {
        "node": ">=7.0.0"
      }
    },
    "node_modules/color-name": {
      "version": "1.1.4",
      "dev": true,
      "license": "MIT"
    },
    "node_modules/concat-map": {
      "version": "0.0.1",
      "dev": true,
      "license": "MIT"
    },
    "node_modules/copyfiles": {
      "version": "2.4.1",
      "dev": true,
      "license": "MIT",
      "dependencies": {
        "glob": "^7.0.5",
        "minimatch": "^3.0.3",
        "mkdirp": "^1.0.4",
        "noms": "0.0.0",
        "through2": "^2.0.1",
        "untildify": "^4.0.0",
        "yargs": "^16.1.0"
      },
      "bin": {
        "copyfiles": "copyfiles",
        "copyup": "copyfiles"
      }
    },
    "node_modules/core-util-is": {
      "version": "1.0.3",
      "dev": true,
      "license": "MIT"
    },
    "node_modules/deferred-leveldown": {
      "version": "7.0.0",
      "dev": true,
      "license": "MIT",
      "dependencies": {
        "abstract-leveldown": "^7.2.0",
        "inherits": "^2.0.3"
      },
      "engines": {
        "node": ">=10"
      }
    },
    "node_modules/emoji-regex": {
      "version": "8.0.0",
      "dev": true,
      "license": "MIT"
    },
    "node_modules/escalade": {
      "version": "3.1.1",
      "dev": true,
      "license": "MIT",
      "engines": {
        "node": ">=6"
      }
    },
    "node_modules/fs.realpath": {
      "version": "1.0.0",
      "dev": true,
      "license": "ISC"
    },
    "node_modules/get-caller-file": {
      "version": "2.0.5",
      "dev": true,
      "license": "ISC",
      "engines": {
        "node": "6.* || 8.* || >= 10.*"
      }
    },
    "node_modules/glob": {
      "version": "7.1.7",
      "dev": true,
      "license": "ISC",
      "dependencies": {
        "fs.realpath": "^1.0.0",
        "inflight": "^1.0.4",
        "inherits": "2",
        "minimatch": "^3.0.4",
        "once": "^1.3.0",
        "path-is-absolute": "^1.0.0"
      },
      "engines": {
        "node": "*"
      },
      "funding": {
        "url": "https://github.com/sponsors/isaacs"
      }
    },
    "node_modules/ieee754": {
      "version": "1.2.1",
      "funding": [
        {
          "type": "github",
          "url": "https://github.com/sponsors/feross"
        },
        {
          "type": "patreon",
          "url": "https://www.patreon.com/feross"
        },
        {
          "type": "consulting",
          "url": "https://feross.org/support"
        }
      ],
      "license": "BSD-3-Clause"
    },
    "node_modules/inflight": {
      "version": "1.0.6",
      "dev": true,
      "license": "ISC",
      "dependencies": {
        "once": "^1.3.0",
        "wrappy": "1"
      }
    },
    "node_modules/inherits": {
      "version": "2.0.4",
      "dev": true,
      "license": "ISC"
    },
    "node_modules/is-buffer": {
      "version": "2.0.5",
      "funding": [
        {
          "type": "github",
          "url": "https://github.com/sponsors/feross"
        },
        {
          "type": "patreon",
          "url": "https://www.patreon.com/feross"
        },
        {
          "type": "consulting",
          "url": "https://feross.org/support"
        }
      ],
      "license": "MIT",
      "engines": {
        "node": ">=4"
      }
    },
    "node_modules/is-fullwidth-code-point": {
      "version": "3.0.0",
      "dev": true,
      "license": "MIT",
      "engines": {
        "node": ">=8"
      }
    },
    "node_modules/isarray": {
      "version": "0.0.1",
      "dev": true,
      "license": "MIT"
    },
    "node_modules/level-concat-iterator": {
      "version": "3.1.0",
      "dev": true,
      "license": "MIT",
      "dependencies": {
        "catering": "^2.1.0"
      },
      "engines": {
        "node": ">=10"
      }
    },
    "node_modules/level-errors": {
      "version": "3.0.1",
      "dev": true,
      "license": "MIT",
      "engines": {
        "node": ">=10"
      }
    },
    "node_modules/level-iterator-stream": {
      "version": "5.0.0",
      "dev": true,
      "license": "MIT",
      "dependencies": {
        "inherits": "^2.0.4",
        "readable-stream": "^3.4.0"
      },
      "engines": {
        "node": ">=10"
      }
    },
    "node_modules/level-supports": {
      "version": "6.2.0",
      "license": "MIT",
      "engines": {
        "node": ">=16"
      }
    },
    "node_modules/level-transcoder": {
      "version": "1.0.1",
      "license": "MIT",
      "dependencies": {
        "buffer": "^6.0.3",
        "module-error": "^1.0.1"
      },
      "engines": {
        "node": ">=12"
      }
    },
    "node_modules/levelup": {
      "version": "5.1.1",
      "dev": true,
      "license": "MIT",
      "dependencies": {
        "catering": "^2.0.0",
        "deferred-leveldown": "^7.0.0",
        "level-errors": "^3.0.1",
        "level-iterator-stream": "^5.0.0",
        "level-supports": "^2.0.1",
        "queue-microtask": "^1.2.3"
      },
      "engines": {
        "node": ">=10"
      }
    },
    "node_modules/levelup/node_modules/level-supports": {
      "version": "2.1.0",
      "resolved": "https://registry.npmjs.org/level-supports/-/level-supports-2.1.0.tgz",
      "integrity": "sha512-E486g1NCjW5cF78KGPrMDRBYzPuueMZ6VBXHT6gC7A8UYWGiM14fGgp+s/L1oFfDWSPV/+SFkYCmZ0SiESkRKA==",
      "dev": true,
      "license": "MIT",
      "engines": {
        "node": ">=10"
      }
    },
    "node_modules/maybe-combine-errors": {
      "version": "1.0.0",
      "license": "MIT",
      "engines": {
        "node": ">=10"
      }
    },
    "node_modules/minimatch": {
      "version": "3.0.4",
      "dev": true,
      "license": "ISC",
      "dependencies": {
        "brace-expansion": "^1.1.7"
      },
      "engines": {
        "node": "*"
      }
    },
    "node_modules/mkdirp": {
      "version": "1.0.4",
      "dev": true,
      "license": "MIT",
      "bin": {
        "mkdirp": "bin/cmd.js"
      },
      "engines": {
        "node": ">=10"
      }
    },
    "node_modules/module-error": {
      "version": "1.0.2",
      "license": "MIT",
      "engines": {
        "node": ">=10"
      }
    },
    "node_modules/napi-macros": {
      "version": "2.2.2",
      "license": "MIT"
    },
    "node_modules/node-gyp-build": {
      "version": "4.8.4",
      "license": "MIT",
      "bin": {
        "node-gyp-build": "bin.js",
        "node-gyp-build-optional": "optional.js",
        "node-gyp-build-test": "build-test.js"
      }
    },
    "node_modules/noms": {
      "version": "0.0.0",
      "dev": true,
      "license": "ISC",
      "dependencies": {
        "inherits": "^2.0.1",
        "readable-stream": "~1.0.31"
      }
    },
    "node_modules/noms/node_modules/readable-stream": {
      "version": "1.0.34",
      "dev": true,
      "license": "MIT",
      "dependencies": {
        "core-util-is": "~1.0.0",
        "inherits": "~2.0.1",
        "isarray": "0.0.1",
        "string_decoder": "~0.10.x"
      }
    },
    "node_modules/noms/node_modules/string_decoder": {
      "version": "0.10.31",
      "dev": true,
      "license": "MIT"
    },
    "node_modules/once": {
      "version": "1.4.0",
      "dev": true,
      "license": "ISC",
      "dependencies": {
        "wrappy": "1"
      }
    },
    "node_modules/path-is-absolute": {
      "version": "1.0.1",
      "dev": true,
      "license": "MIT",
      "engines": {
        "node": ">=0.10.0"
      }
    },
    "node_modules/process-nextick-args": {
      "version": "2.0.1",
      "dev": true,
      "license": "MIT"
    },
    "node_modules/queue-microtask": {
      "version": "1.2.3",
      "dev": true,
      "funding": [
        {
          "type": "github",
          "url": "https://github.com/sponsors/feross"
        },
        {
          "type": "patreon",
          "url": "https://www.patreon.com/feross"
        },
        {
          "type": "consulting",
          "url": "https://feross.org/support"
        }
      ],
      "license": "MIT"
    },
    "node_modules/readable-stream": {
      "version": "3.6.0",
      "dev": true,
      "license": "MIT",
      "dependencies": {
        "inherits": "^2.0.3",
        "string_decoder": "^1.1.1",
        "util-deprecate": "^1.0.1"
      },
      "engines": {
        "node": ">= 6"
      }
    },
    "node_modules/require-directory": {
      "version": "2.1.1",
      "dev": true,
      "license": "MIT",
      "engines": {
        "node": ">=0.10.0"
      }
    },
    "node_modules/safe-buffer": {
      "version": "5.2.1",
      "dev": true,
      "funding": [
        {
          "type": "github",
          "url": "https://github.com/sponsors/feross"
        },
        {
          "type": "patreon",
          "url": "https://www.patreon.com/feross"
        },
        {
          "type": "consulting",
          "url": "https://feross.org/support"
        }
      ],
      "license": "MIT"
    },
    "node_modules/string_decoder": {
      "version": "1.3.0",
      "dev": true,
      "license": "MIT",
      "dependencies": {
        "safe-buffer": "~5.2.0"
      }
    },
    "node_modules/string-width": {
      "version": "4.2.2",
      "dev": true,
      "license": "MIT",
      "dependencies": {
        "emoji-regex": "^8.0.0",
        "is-fullwidth-code-point": "^3.0.0",
        "strip-ansi": "^6.0.0"
      },
      "engines": {
        "node": ">=8"
      }
    },
    "node_modules/strip-ansi": {
      "version": "6.0.0",
      "dev": true,
      "license": "MIT",
      "dependencies": {
        "ansi-regex": "^5.0.0"
      },
      "engines": {
        "node": ">=8"
      }
    },
    "node_modules/through2": {
      "version": "2.0.5",
      "dev": true,
      "license": "MIT",
      "dependencies": {
        "readable-stream": "~2.3.6",
        "xtend": "~4.0.1"
      }
    },
    "node_modules/through2/node_modules/isarray": {
      "version": "1.0.0",
      "dev": true,
      "license": "MIT"
    },
    "node_modules/through2/node_modules/readable-stream": {
      "version": "2.3.7",
      "dev": true,
      "license": "MIT",
      "dependencies": {
        "core-util-is": "~1.0.0",
        "inherits": "~2.0.3",
        "isarray": "~1.0.0",
        "process-nextick-args": "~2.0.0",
        "safe-buffer": "~5.1.1",
        "string_decoder": "~1.1.1",
        "util-deprecate": "~1.0.1"
      }
    },
    "node_modules/through2/node_modules/safe-buffer": {
      "version": "5.1.2",
      "dev": true,
      "license": "MIT"
    },
    "node_modules/through2/node_modules/string_decoder": {
      "version": "1.1.1",
      "dev": true,
      "license": "MIT",
      "dependencies": {
        "safe-buffer": "~5.1.0"
      }
    },
    "node_modules/typescript": {
      "version": "4.7.3",
      "dev": true,
      "license": "Apache-2.0",
      "bin": {
        "tsc": "bin/tsc",
        "tsserver": "bin/tsserver"
      },
      "engines": {
        "node": ">=4.2.0"
      }
    },
    "node_modules/untildify": {
      "version": "4.0.0",
      "dev": true,
      "license": "MIT",
      "engines": {
        "node": ">=8"
      }
    },
    "node_modules/util-deprecate": {
      "version": "1.0.2",
      "dev": true,
      "license": "MIT"
    },
    "node_modules/wrap-ansi": {
      "version": "7.0.0",
      "dev": true,
      "license": "MIT",
      "dependencies": {
        "ansi-styles": "^4.0.0",
        "string-width": "^4.1.0",
        "strip-ansi": "^6.0.0"
      },
      "engines": {
        "node": ">=10"
      },
      "funding": {
        "url": "https://github.com/chalk/wrap-ansi?sponsor=1"
      }
    },
    "node_modules/wrappy": {
      "version": "1.0.2",
      "dev": true,
      "license": "ISC"
    },
    "node_modules/xtend": {
      "version": "4.0.2",
      "dev": true,
      "license": "MIT",
      "engines": {
        "node": ">=0.4"
      }
    },
    "node_modules/y18n": {
      "version": "5.0.8",
      "dev": true,
      "license": "ISC",
      "engines": {
        "node": ">=10"
      }
    },
    "node_modules/yargs": {
      "version": "16.2.0",
      "dev": true,
      "license": "MIT",
      "dependencies": {
        "cliui": "^7.0.2",
        "escalade": "^3.1.1",
        "get-caller-file": "^2.0.5",
        "require-directory": "^2.1.1",
        "string-width": "^4.2.0",
        "y18n": "^5.0.5",
        "yargs-parser": "^20.2.2"
      },
      "engines": {
        "node": ">=10"
      }
    },
    "node_modules/yargs-parser": {
      "version": "20.2.9",
      "dev": true,
      "license": "ISC",
      "engines": {
        "node": ">=10"
      }
    }
  }
}
