{
	"name": "@activeledger/activeoptions",
	"version": "2.2.0",
	"lockfileVersion": 1,
	"requires": true,
	"dependencies": {
		"@activeledger/activedefinitions": {
			"version": "2.2.0",
			"resolved": "https://registry.npmjs.org/@activeledger/activedefinitions/-/activedefinitions-2.2.0.tgz",
			"integrity": "sha512-5vf0NVyghTjdPxJuBzunpbw9wyizOJO6YQPxnZwqB0TkTUl6s+Jd2WeMHj2Kb7TC8o/rQwRlPDxudIwgGDczEg==",
			"dev": true,
			"requires": {
				"@types/events": "^3.0.0"
			}
		},
		"@activeledger/activelogger": {
			"version": "2.2.0",
			"resolved": "https://registry.npmjs.org/@activeledger/activelogger/-/activelogger-2.2.0.tgz",
			"integrity": "sha512-DG4ckZLODZv2ZN3QA4bbh90SNlNfMbTITWQkwKQXArkUmHcqH28TqYkbgqRufDv4rfOPlQgRqpplI+HQAH0yRg=="
		},
		"@activeledger/activeutilities": {
			"version": "2.2.0",
			"resolved": "https://registry.npmjs.org/@activeledger/activeutilities/-/activeutilities-2.2.0.tgz",
			"integrity": "sha512-rc98SweK4fFZD4a+CcDaKIDCxhhVhzHHjhP0W6Ft/48xABr8XKLkqb57FfWf5pc62UeoYHVGdYX+CZhFZHPqVQ=="
		},
		"@types/events": {
			"version": "3.0.0",
			"resolved": "https://registry.npmjs.org/@types/events/-/events-3.0.0.tgz",
			"integrity": "sha512-EaObqwIvayI5a8dCzhFrjKzVwKLxjoG9T6Ppd5CEo07LRKfQ8Yokw54r5+Wq7FaBQ+yXRvQAYPrHwya1/UFt9g==",
			"dev": true
		},
		"@types/minimist": {
			"version": "1.2.0",
			"resolved": "https://registry.npmjs.org/@types/minimist/-/minimist-1.2.0.tgz",
			"integrity": "sha1-aaI6OtKcrwCX8G7aWbNh7i8GOfY=",
			"dev": true
		},
		"@types/node": {
			"version": "10.17.13",
			"resolved": "https://registry.npmjs.org/@types/node/-/node-10.17.13.tgz",
			"integrity": "sha512-pMCcqU2zT4TjqYFrWtYHKal7Sl30Ims6ulZ4UFXxI4xbtQqK/qqKwkDoBFCfooRqqmRu9vY3xaJRwxSh673aYg==",
			"dev": true
		},
		"minimist": {
			"version": "1.2.2",
			"resolved": "https://registry.npmjs.org/minimist/-/minimist-1.2.2.tgz",
			"integrity": "sha512-rIqbOrKb8GJmx/5bc2M0QchhUouMXSpd1RTclXsB41JdL+VtnojfaJR+h7F9k18/4kHUsBFgk80Uk+q569vjPA=="
		},
		"typescript": {
			"version": "3.7.4",
			"resolved": "https://registry.npmjs.org/typescript/-/typescript-3.7.4.tgz",
			"integrity": "sha512-A25xv5XCtarLwXpcDNZzCGvW2D1S3/bACratYBx2sax8PefsFhlYmkQicKHvpYflFS8if4zne5zT5kpJ7pzuvw==",
			"dev": true
		}
	}
}
