{
  "name": "@activeledger/activeoptions",
  "version": "2.6.6",
  "lockfileVersion": 2,
  "requires": true,
  "packages": {
    "": {
      "name": "@activeledger/activeoptions",
      "version": "2.6.6",
      "license": "MIT",
      "dependencies": {
        "@activeledger/activelogger": "^2.6.6",
        "@activeledger/activeutilities": "^2.6.6",
        "minimist": "1.2.6"
      },
      "devDependencies": {
        "@activeledger/activedefinitions": "^2.6.6",
        "@types/minimist": "1.2.2",
        "@types/node": "16.3.0",
        "typescript": "4.3.5"
      }
    },
    "node_modules/@activeledger/activedefinitions": {
      "version": "2.6.6",
      "resolved": "https://registry.npmjs.org/@activeledger/activedefinitions/-/activedefinitions-2.6.6.tgz",
      "integrity": "sha512-m69/wEJDPWBgEZgNNtKAp6OQA51CHGg8FNTnnCaPz6sLqljDg4GjeEZifm2wnqh7+gAX9hUDeWZ0ujZ4nZjkLw==",
      "dev": true,
      "dependencies": {
        "@types/events": "^3.0.0"
      }
    },
    "node_modules/@activeledger/activelogger": {
      "version": "2.6.6",
      "resolved": "https://registry.npmjs.org/@activeledger/activelogger/-/activelogger-2.6.6.tgz",
      "integrity": "sha512-erDqOrZ6LLu3k3UP/GrrJyGbn1SquM1rxjfumxOpLgLQPLBHoM1XWd4LJDHCxkbKpBdplygI044/byhSFJHGOg=="
    },
    "node_modules/@activeledger/activeutilities": {
      "version": "2.6.6",
      "resolved": "https://registry.npmjs.org/@activeledger/activeutilities/-/activeutilities-2.6.6.tgz",
      "integrity": "sha512-RT+KV4VA8l+CEzpmeCPQ0NkRJ0POWbr5X5p9syCpjqPK6OaXbRQ5J6rads6MsGqH1uwOwu1oNwOrT9HKUICCig=="
    },
    "node_modules/@types/events": {
      "version": "3.0.0",
      "resolved": "https://registry.npmjs.org/@types/events/-/events-3.0.0.tgz",
      "integrity": "sha512-EaObqwIvayI5a8dCzhFrjKzVwKLxjoG9T6Ppd5CEo07LRKfQ8Yokw54r5+Wq7FaBQ+yXRvQAYPrHwya1/UFt9g==",
      "dev": true
    },
    "node_modules/@types/minimist": {
      "version": "1.2.2",
      "resolved": "https://registry.npmjs.org/@types/minimist/-/minimist-1.2.2.tgz",
      "integrity": "sha512-jhuKLIRrhvCPLqwPcx6INqmKeiA5EWrsCOPhrlFSrbrmU4ZMPjj5Ul/oLCMDO98XRUIwVm78xICz4EPCektzeQ==",
      "dev": true
    },
    "node_modules/@types/node": {
      "version": "16.3.0",
      "resolved": "https://registry.npmjs.org/@types/node/-/node-16.3.0.tgz",
      "integrity": "sha512-OydMCocGMGqw/1BnWbhtK+AtwyWTOigtrQlRe57OQmTNcI3HKlVI5FGlh+c4mSqInMPLynFrTlYjfajPu9O/eQ==",
      "dev": true
    },
    "node_modules/minimist": {
      "version": "1.2.6",
      "resolved": "https://registry.npmjs.org/minimist/-/minimist-1.2.6.tgz",
      "integrity": "sha512-Jsjnk4bw3YJqYzbdyBiNsPWHPfO++UGG749Cxs6peCu5Xg4nrena6OVxOYxrQTqww0Jmwt+Ref8rggumkTLz9Q=="
    },
    "node_modules/typescript": {
      "version": "4.3.5",
      "resolved": "https://registry.npmjs.org/typescript/-/typescript-4.3.5.tgz",
      "integrity": "sha512-DqQgihaQ9cUrskJo9kIyW/+g0Vxsk8cDtZ52a3NGh0YNTfpUSArXSohyUGnvbPazEPLu398C0UxmKSOrPumUzA==",
      "dev": true,
      "bin": {
        "tsc": "bin/tsc",
        "tsserver": "bin/tsserver"
      },
      "engines": {
        "node": ">=4.2.0"
      }
    }
  },
  "dependencies": {
    "@activeledger/activedefinitions": {
      "version": "2.6.6",
      "resolved": "https://registry.npmjs.org/@activeledger/activedefinitions/-/activedefinitions-2.6.6.tgz",
      "integrity": "sha512-m69/wEJDPWBgEZgNNtKAp6OQA51CHGg8FNTnnCaPz6sLqljDg4GjeEZifm2wnqh7+gAX9hUDeWZ0ujZ4nZjkLw==",
      "dev": true,
      "requires": {
        "@types/events": "^3.0.0"
      }
    },
    "@activeledger/activelogger": {
      "version": "2.6.6",
      "resolved": "https://registry.npmjs.org/@activeledger/activelogger/-/activelogger-2.6.6.tgz",
      "integrity": "sha512-erDqOrZ6LLu3k3UP/GrrJyGbn1SquM1rxjfumxOpLgLQPLBHoM1XWd4LJDHCxkbKpBdplygI044/byhSFJHGOg=="
    },
    "@activeledger/activeutilities": {
      "version": "2.6.6",
      "resolved": "https://registry.npmjs.org/@activeledger/activeutilities/-/activeutilities-2.6.6.tgz",
      "integrity": "sha512-RT+KV4VA8l+CEzpmeCPQ0NkRJ0POWbr5X5p9syCpjqPK6OaXbRQ5J6rads6MsGqH1uwOwu1oNwOrT9HKUICCig=="
    },
    "@types/events": {
      "version": "3.0.0",
      "resolved": "https://registry.npmjs.org/@types/events/-/events-3.0.0.tgz",
      "integrity": "sha512-EaObqwIvayI5a8dCzhFrjKzVwKLxjoG9T6Ppd5CEo07LRKfQ8Yokw54r5+Wq7FaBQ+yXRvQAYPrHwya1/UFt9g==",
      "dev": true
    },
    "@types/minimist": {
      "version": "1.2.2",
      "resolved": "https://registry.npmjs.org/@types/minimist/-/minimist-1.2.2.tgz",
      "integrity": "sha512-jhuKLIRrhvCPLqwPcx6INqmKeiA5EWrsCOPhrlFSrbrmU4ZMPjj5Ul/oLCMDO98XRUIwVm78xICz4EPCektzeQ==",
      "dev": true
    },
    "@types/node": {
      "version": "16.3.0",
      "resolved": "https://registry.npmjs.org/@types/node/-/node-16.3.0.tgz",
      "integrity": "sha512-OydMCocGMGqw/1BnWbhtK+AtwyWTOigtrQlRe57OQmTNcI3HKlVI5FGlh+c4mSqInMPLynFrTlYjfajPu9O/eQ==",
      "dev": true
    },
    "minimist": {
      "version": "1.2.6",
      "resolved": "https://registry.npmjs.org/minimist/-/minimist-1.2.6.tgz",
      "integrity": "sha512-Jsjnk4bw3YJqYzbdyBiNsPWHPfO++UGG749Cxs6peCu5Xg4nrena6OVxOYxrQTqww0Jmwt+Ref8rggumkTLz9Q=="
    },
    "typescript": {
      "version": "4.3.5",
      "resolved": "https://registry.npmjs.org/typescript/-/typescript-4.3.5.tgz",
      "integrity": "sha512-DqQgihaQ9cUrskJo9kIyW/+g0Vxsk8cDtZ52a3NGh0YNTfpUSArXSohyUGnvbPazEPLu398C0UxmKSOrPumUzA==",
      "dev": true
    }
  }
}
