{
  "name": "@activeledger/activeprotocol",
  "version": "2.7.10",
  "lockfileVersion": 2,
  "requires": true,
  "packages": {
    "": {
      "name": "@activeledger/activeprotocol",
      "version": "2.7.10",
      "license": "MIT",
      "dependencies": {
        "@types/node": "18.0.0",
        "typescript": "4.7.3",
        "vm2": "^3.9.3"
      }
    },
    "node_modules/@types/node": {
      "version": "18.0.0",
      "resolved": "https://registry.npmjs.org/@types/node/-/node-18.0.0.tgz",
      "integrity": "sha512-cHlGmko4gWLVI27cGJntjs/Sj8th9aYwplmZFwmmgYQQvL5NUsgVJG7OddLvNfLqYS31KFN0s3qlaD9qCaxACA=="
    },
    "node_modules/typescript": {
      "version": "4.7.3",
      "resolved": "https://registry.npmjs.org/typescript/-/typescript-4.7.3.tgz",
      "integrity": "sha512-WOkT3XYvrpXx4vMMqlD+8R8R37fZkjyLGlxavMc4iB8lrl8L0DeTcHbYgw/v0N/z9wAFsgBhcsF0ruoySS22mA==",
      "bin": {
        "tsc": "bin/tsc",
        "tsserver": "bin/tsserver"
      },
      "engines": {
        "node": ">=4.2.0"
      }
    },
    "node_modules/vm2": {
      "version": "3.9.3",
      "resolved": "https://registry.npmjs.org/vm2/-/vm2-3.9.3.tgz",
      "integrity": "sha512-smLS+18RjXYMl9joyJxMNI9l4w7biW8ilSDaVRvFBDwOH8P0BK1ognFQTpg0wyQ6wIKLTblHJvROW692L/E53Q==",
      "bin": {
        "vm2": "bin/vm2"
      },
      "engines": {
        "node": ">=6.0"
      }
    }
  },
  "dependencies": {
    "@types/node": {
      "version": "18.0.0",
      "resolved": "https://registry.npmjs.org/@types/node/-/node-18.0.0.tgz",
      "integrity": "sha512-cHlGmko4gWLVI27cGJntjs/Sj8th9aYwplmZFwmmgYQQvL5NUsgVJG7OddLvNfLqYS31KFN0s3qlaD9qCaxACA=="
    },
    "typescript": {
      "version": "4.7.3",
      "resolved": "https://registry.npmjs.org/typescript/-/typescript-4.7.3.tgz",
      "integrity": "sha512-WOkT3XYvrpXx4vMMqlD+8R8R37fZkjyLGlxavMc4iB8lrl8L0DeTcHbYgw/v0N/z9wAFsgBhcsF0ruoySS22mA=="
    },
    "vm2": {
      "version": "3.9.3",
      "resolved": "https://registry.npmjs.org/vm2/-/vm2-3.9.3.tgz",
      "integrity": "sha512-smLS+18RjXYMl9joyJxMNI9l4w7biW8ilSDaVRvFBDwOH8P0BK1ognFQTpg0wyQ6wIKLTblHJvROW692L/E53Q=="
    }
  }
}
