{
  "name": "@activeledger/activeprotocol",
  "version": "2.7.10",
  "lockfileVersion": 2,
  "requires": true,
  "packages": {
    "": {
      "name": "@activeledger/activeprotocol",
      "version": "2.7.10",
      "license": "MIT",
      "dependencies": {
        "@activeledger/activecontracts": "^2.7.10",
        "@activeledger/activecrypto": "^2.7.4",
        "@activeledger/activedefinitions": "^2.7.0",
        "@activeledger/activelogger": "^2.7.0",
        "@activeledger/activeoptions": "^2.7.1",
        "@activeledger/activequery": "^2.7.4",
        "@activeledger/activetoolkits": "^2.7.0",
        "@types/node": "18.0.0",
        "typescript": "4.7.3",
        "vm2": "^3.9.3"
      }
    },
    "node_modules/@activeledger/activecontracts": {
      "version": "2.7.10",
      "resolved": "https://registry.npmjs.org/@activeledger/activecontracts/-/activecontracts-2.7.10.tgz",
      "integrity": "sha512-VfH7kFtDwozGY/lw9Azt9wojDrDBbVit3YSFI/SyAcvXJcSk5CkoAoRTIAwxEgSoA0HCiTUjyF/R2a5JJ65E/w==",
      "dependencies": {
        "@activeledger/activecrypto": "^2.7.4",
        "@activeledger/activedefinitions": "^2.7.0",
        "@activeledger/activelogger": "^2.7.0",
        "@activeledger/activequery": "^2.7.4"
      }
    },
    "node_modules/@activeledger/activecrypto": {
      "version": "2.7.4",
      "resolved": "https://registry.npmjs.org/@activeledger/activecrypto/-/activecrypto-2.7.4.tgz",
      "integrity": "sha512-Lm1Fc82OZT382VkQVmcAE9eDB8qJ7UM5+z58RYXS6vD5gIbaFVuFm77eLkJ2hiAWSAmGGiIpZIRYn0Ec8ME38g==",
      "dependencies": {
        "@activeledger/activelogger": "^2.7.0",
        "asn1.js": "5.4.1"
      }
    },
    "node_modules/@activeledger/activedefinitions": {
      "version": "2.7.0",
      "resolved": "https://registry.npmjs.org/@activeledger/activedefinitions/-/activedefinitions-2.7.0.tgz",
      "integrity": "sha512-9Ds62Lq6pdYDXaH5ySkCldaVJ+qrXuCAAEycGpY78oowSAffdGnuayeOvv+auiE6EaeN1iJZ9UcFfXF6gw4i0w==",
      "dependencies": {
        "@types/events": "^3.0.0"
      }
    },
    "node_modules/@activeledger/activelogger": {
      "version": "2.7.0",
      "resolved": "https://registry.npmjs.org/@activeledger/activelogger/-/activelogger-2.7.0.tgz",
      "integrity": "sha512-7yp4PygYnZ3PbMKUIbzrx+gaLxKCutg822DFTMSMMHtrZ325eyk6leadOOeiY+uWJulWxMG4bV6QPgiJpYBbnA=="
    },
    "node_modules/@activeledger/activeoptions": {
      "version": "2.7.1",
      "resolved": "https://registry.npmjs.org/@activeledger/activeoptions/-/activeoptions-2.7.1.tgz",
      "integrity": "sha512-KeuJnuwMuIqefTwOk9xKBfGYQCsksegqLxp0hqH/Fmab9SlVydWojCIZavfHPS4i6eOOUfEi8+hLCtoq26CpqA==",
      "dependencies": {
        "@activeledger/activelogger": "^2.7.0",
        "@activeledger/activeutilities": "^2.7.0",
        "minimist": "1.2.6"
      }
    },
    "node_modules/@activeledger/activequery": {
      "version": "2.7.4",
      "resolved": "https://registry.npmjs.org/@activeledger/activequery/-/activequery-2.7.4.tgz",
      "integrity": "sha512-bm23dhyRpVumRTY9KJ93WZjdNrSLUHHMEwiua+e9Ux/OtjbXZJZTdZwqiFOAJCWg9ClKM3Q9A7aigRh1ebCyWA==",
      "dependencies": {
        "@activeledger/activecrypto": "^2.7.4",
        "@activeledger/activedefinitions": "^2.7.0",
        "@activeledger/activelogger": "^2.7.0"
      }
    },
    "node_modules/@activeledger/activetoolkits": {
      "version": "2.7.0",
      "resolved": "https://registry.npmjs.org/@activeledger/activetoolkits/-/activetoolkits-2.7.0.tgz",
      "integrity": "sha512-wQqCW0uJVpF3FfTxRXGRY8IlPT9gNl6i0/yc2kTWb/Ix4yK2JHYmq5yrdKMcVG1rn/3DaMTqtmML6Xd4ybiOUw==",
      "dependencies": {
        "@activeledger/activeutilities": "^2.7.0"
      }
    },
    "node_modules/@activeledger/activeutilities": {
      "version": "2.7.0",
      "resolved": "https://registry.npmjs.org/@activeledger/activeutilities/-/activeutilities-2.7.0.tgz",
      "integrity": "sha512-p7OqzNBGMTBDsZ7j99u66ajQOy4zMfAgfeMr5ooPf1m/VrFt4GD7YqJ+ereIOS2fDDAAmiz1GKThC0eDHeHUqQ=="
    },
    "node_modules/@types/events": {
      "version": "3.0.0",
      "resolved": "https://registry.npmjs.org/@types/events/-/events-3.0.0.tgz",
      "integrity": "sha512-EaObqwIvayI5a8dCzhFrjKzVwKLxjoG9T6Ppd5CEo07LRKfQ8Yokw54r5+Wq7FaBQ+yXRvQAYPrHwya1/UFt9g=="
    },
    "node_modules/@types/node": {
      "version": "18.0.0",
      "resolved": "https://registry.npmjs.org/@types/node/-/node-18.0.0.tgz",
      "integrity": "sha512-cHlGmko4gWLVI27cGJntjs/Sj8th9aYwplmZFwmmgYQQvL5NUsgVJG7OddLvNfLqYS31KFN0s3qlaD9qCaxACA=="
    },
    "node_modules/acorn": {
      "version": "8.8.2",
      "resolved": "https://registry.npmjs.org/acorn/-/acorn-8.8.2.tgz",
      "integrity": "sha512-xjIYgE8HBrkpd/sJqOGNspf8uHG+NOHGOw6a/Urj8taM2EXfdNAH2oFcPeIFfsv3+kz/mJrS5VuMqbNLjCa2vw==",
      "bin": {
        "acorn": "bin/acorn"
      },
      "engines": {
        "node": ">=0.4.0"
      }
    },
    "node_modules/acorn-walk": {
      "version": "8.2.0",
      "resolved": "https://registry.npmjs.org/acorn-walk/-/acorn-walk-8.2.0.tgz",
      "integrity": "sha512-k+iyHEuPgSw6SbuDpGQM+06HQUa04DZ3o+F6CSzXMvvI5KMvnaEqXe+YVe555R9nn6GPt404fos4wcgpw12SDA==",
      "engines": {
        "node": ">=0.4.0"
      }
    },
    "node_modules/asn1.js": {
      "version": "5.4.1",
      "resolved": "https://registry.npmjs.org/asn1.js/-/asn1.js-5.4.1.tgz",
      "integrity": "sha512-+I//4cYPccV8LdmBLiX8CYvf9Sp3vQsrqu2QNXRcrbiWvcx/UdlFiqUJJzxRQxgsZmvhXhn4cSKeSmoFjVdupA==",
      "dependencies": {
        "bn.js": "^4.0.0",
        "inherits": "^2.0.1",
        "minimalistic-assert": "^1.0.0",
        "safer-buffer": "^2.1.0"
      }
    },
    "node_modules/bn.js": {
      "version": "4.12.0",
      "resolved": "https://registry.npmjs.org/bn.js/-/bn.js-4.12.0.tgz",
      "integrity": "sha512-c98Bf3tPniI+scsdk237ku1Dc3ujXQTSgyiPUDEOe7tRkhrqridvh8klBv0HCEso1OLOYcHuCv/cS6DNxKH+ZA=="
    },
    "node_modules/inherits": {
      "version": "2.0.4",
      "resolved": "https://registry.npmjs.org/inherits/-/inherits-2.0.4.tgz",
      "integrity": "sha512-k/vGaX4/Yla3WzyMCvTQOXYeIHvqOKtnqBduzTHpzpQZzAskKMhZ2K+EnBiSM9zGSoIFeMpXKxa4dYeZIQqewQ=="
    },
    "node_modules/minimalistic-assert": {
      "version": "1.0.1",
      "resolved": "https://registry.npmjs.org/minimalistic-assert/-/minimalistic-assert-1.0.1.tgz",
      "integrity": "sha512-UtJcAD4yEaGtjPezWuO9wC4nwUnVH/8/Im3yEHQP4b67cXlD/Qr9hdITCU1xDbSEXg2XKNaP8jsReV7vQd00/A=="
    },
    "node_modules/minimist": {
      "version": "1.2.6",
      "resolved": "https://registry.npmjs.org/minimist/-/minimist-1.2.6.tgz",
      "integrity": "sha512-Jsjnk4bw3YJqYzbdyBiNsPWHPfO++UGG749Cxs6peCu5Xg4nrena6OVxOYxrQTqww0Jmwt+Ref8rggumkTLz9Q=="
    },
    "node_modules/safer-buffer": {
      "version": "2.1.2",
      "resolved": "https://registry.npmjs.org/safer-buffer/-/safer-buffer-2.1.2.tgz",
      "integrity": "sha512-YZo3K82SD7Riyi0E1EQPojLz7kpepnSQI9IyPbHHg1XXXevb5dJI7tpyN2ADxGcQbHG7vcyRHk0cbwqcQriUtg=="
    },
    "node_modules/typescript": {
      "version": "4.7.3",
      "resolved": "https://registry.npmjs.org/typescript/-/typescript-4.7.3.tgz",
      "integrity": "sha512-WOkT3XYvrpXx4vMMqlD+8R8R37fZkjyLGlxavMc4iB8lrl8L0DeTcHbYgw/v0N/z9wAFsgBhcsF0ruoySS22mA==",
      "bin": {
        "tsc": "bin/tsc",
        "tsserver": "bin/tsserver"
      },
      "engines": {
        "node": ">=4.2.0"
      }
    },
    "node_modules/vm2": {
      "version": "3.9.17",
      "resolved": "https://registry.npmjs.org/vm2/-/vm2-3.9.17.tgz",
      "integrity": "sha512-AqwtCnZ/ERcX+AVj9vUsphY56YANXxRuqMb7GsDtAr0m0PcQX3u0Aj3KWiXM0YAHy7i6JEeHrwOnwXbGYgRpAw==",
      "dependencies": {
        "acorn": "^8.7.0",
        "acorn-walk": "^8.2.0"
      },
      "bin": {
        "vm2": "bin/vm2"
      },
      "engines": {
        "node": ">=6.0"
      }
    }
  },
  "dependencies": {
    "@activeledger/activecontracts": {
      "version": "2.7.10",
      "resolved": "https://registry.npmjs.org/@activeledger/activecontracts/-/activecontracts-2.7.10.tgz",
      "integrity": "sha512-VfH7kFtDwozGY/lw9Azt9wojDrDBbVit3YSFI/SyAcvXJcSk5CkoAoRTIAwxEgSoA0HCiTUjyF/R2a5JJ65E/w==",
      "requires": {
        "@activeledger/activecrypto": "^2.7.4",
        "@activeledger/activedefinitions": "^2.7.0",
        "@activeledger/activelogger": "^2.7.0",
        "@activeledger/activequery": "^2.7.4"
      }
    },
    "@activeledger/activecrypto": {
      "version": "2.7.4",
      "resolved": "https://registry.npmjs.org/@activeledger/activecrypto/-/activecrypto-2.7.4.tgz",
      "integrity": "sha512-Lm1Fc82OZT382VkQVmcAE9eDB8qJ7UM5+z58RYXS6vD5gIbaFVuFm77eLkJ2hiAWSAmGGiIpZIRYn0Ec8ME38g==",
      "requires": {
        "@activeledger/activelogger": "^2.7.0",
        "asn1.js": "5.4.1"
      }
    },
    "@activeledger/activedefinitions": {
      "version": "2.7.0",
      "resolved": "https://registry.npmjs.org/@activeledger/activedefinitions/-/activedefinitions-2.7.0.tgz",
      "integrity": "sha512-9Ds62Lq6pdYDXaH5ySkCldaVJ+qrXuCAAEycGpY78oowSAffdGnuayeOvv+auiE6EaeN1iJZ9UcFfXF6gw4i0w==",
      "requires": {
        "@types/events": "^3.0.0"
      }
    },
    "@activeledger/activelogger": {
      "version": "2.7.0",
      "resolved": "https://registry.npmjs.org/@activeledger/activelogger/-/activelogger-2.7.0.tgz",
      "integrity": "sha512-7yp4PygYnZ3PbMKUIbzrx+gaLxKCutg822DFTMSMMHtrZ325eyk6leadOOeiY+uWJulWxMG4bV6QPgiJpYBbnA=="
    },
    "@activeledger/activeoptions": {
      "version": "2.7.1",
      "resolved": "https://registry.npmjs.org/@activeledger/activeoptions/-/activeoptions-2.7.1.tgz",
      "integrity": "sha512-KeuJnuwMuIqefTwOk9xKBfGYQCsksegqLxp0hqH/Fmab9SlVydWojCIZavfHPS4i6eOOUfEi8+hLCtoq26CpqA==",
      "requires": {
        "@activeledger/activelogger": "^2.7.0",
        "@activeledger/activeutilities": "^2.7.0",
        "minimist": "1.2.6"
      }
    },
    "@activeledger/activequery": {
      "version": "2.7.4",
      "resolved": "https://registry.npmjs.org/@activeledger/activequery/-/activequery-2.7.4.tgz",
      "integrity": "sha512-bm23dhyRpVumRTY9KJ93WZjdNrSLUHHMEwiua+e9Ux/OtjbXZJZTdZwqiFOAJCWg9ClKM3Q9A7aigRh1ebCyWA==",
      "requires": {
        "@activeledger/activecrypto": "^2.7.4",
        "@activeledger/activedefinitions": "^2.7.0",
        "@activeledger/activelogger": "^2.7.0"
      }
    },
    "@activeledger/activetoolkits": {
      "version": "2.7.0",
      "resolved": "https://registry.npmjs.org/@activeledger/activetoolkits/-/activetoolkits-2.7.0.tgz",
      "integrity": "sha512-wQqCW0uJVpF3FfTxRXGRY8IlPT9gNl6i0/yc2kTWb/Ix4yK2JHYmq5yrdKMcVG1rn/3DaMTqtmML6Xd4ybiOUw==",
      "requires": {
        "@activeledger/activeutilities": "^2.7.0"
      }
    },
    "@activeledger/activeutilities": {
      "version": "2.7.0",
      "resolved": "https://registry.npmjs.org/@activeledger/activeutilities/-/activeutilities-2.7.0.tgz",
      "integrity": "sha512-p7OqzNBGMTBDsZ7j99u66ajQOy4zMfAgfeMr5ooPf1m/VrFt4GD7YqJ+ereIOS2fDDAAmiz1GKThC0eDHeHUqQ=="
    },
    "@types/events": {
      "version": "3.0.0",
      "resolved": "https://registry.npmjs.org/@types/events/-/events-3.0.0.tgz",
      "integrity": "sha512-EaObqwIvayI5a8dCzhFrjKzVwKLxjoG9T6Ppd5CEo07LRKfQ8Yokw54r5+Wq7FaBQ+yXRvQAYPrHwya1/UFt9g=="
    },
    "@types/node": {
      "version": "18.0.0",
      "resolved": "https://registry.npmjs.org/@types/node/-/node-18.0.0.tgz",
      "integrity": "sha512-cHlGmko4gWLVI27cGJntjs/Sj8th9aYwplmZFwmmgYQQvL5NUsgVJG7OddLvNfLqYS31KFN0s3qlaD9qCaxACA=="
    },
    "acorn": {
      "version": "8.8.2",
      "resolved": "https://registry.npmjs.org/acorn/-/acorn-8.8.2.tgz",
      "integrity": "sha512-xjIYgE8HBrkpd/sJqOGNspf8uHG+NOHGOw6a/Urj8taM2EXfdNAH2oFcPeIFfsv3+kz/mJrS5VuMqbNLjCa2vw=="
    },
    "acorn-walk": {
      "version": "8.2.0",
      "resolved": "https://registry.npmjs.org/acorn-walk/-/acorn-walk-8.2.0.tgz",
      "integrity": "sha512-k+iyHEuPgSw6SbuDpGQM+06HQUa04DZ3o+F6CSzXMvvI5KMvnaEqXe+YVe555R9nn6GPt404fos4wcgpw12SDA=="
    },
    "asn1.js": {
      "version": "5.4.1",
      "resolved": "https://registry.npmjs.org/asn1.js/-/asn1.js-5.4.1.tgz",
      "integrity": "sha512-+I//4cYPccV8LdmBLiX8CYvf9Sp3vQsrqu2QNXRcrbiWvcx/UdlFiqUJJzxRQxgsZmvhXhn4cSKeSmoFjVdupA==",
      "requires": {
        "bn.js": "^4.0.0",
        "inherits": "^2.0.1",
        "minimalistic-assert": "^1.0.0",
        "safer-buffer": "^2.1.0"
      }
    },
    "bn.js": {
      "version": "4.12.0",
      "resolved": "https://registry.npmjs.org/bn.js/-/bn.js-4.12.0.tgz",
      "integrity": "sha512-c98Bf3tPniI+scsdk237ku1Dc3ujXQTSgyiPUDEOe7tRkhrqridvh8klBv0HCEso1OLOYcHuCv/cS6DNxKH+ZA=="
    },
    "inherits": {
      "version": "2.0.4",
      "resolved": "https://registry.npmjs.org/inherits/-/inherits-2.0.4.tgz",
      "integrity": "sha512-k/vGaX4/Yla3WzyMCvTQOXYeIHvqOKtnqBduzTHpzpQZzAskKMhZ2K+EnBiSM9zGSoIFeMpXKxa4dYeZIQqewQ=="
    },
    "minimalistic-assert": {
      "version": "1.0.1",
      "resolved": "https://registry.npmjs.org/minimalistic-assert/-/minimalistic-assert-1.0.1.tgz",
      "integrity": "sha512-UtJcAD4yEaGtjPezWuO9wC4nwUnVH/8/Im3yEHQP4b67cXlD/Qr9hdITCU1xDbSEXg2XKNaP8jsReV7vQd00/A=="
    },
    "minimist": {
      "version": "1.2.6",
      "resolved": "https://registry.npmjs.org/minimist/-/minimist-1.2.6.tgz",
      "integrity": "sha512-Jsjnk4bw3YJqYzbdyBiNsPWHPfO++UGG749Cxs6peCu5Xg4nrena6OVxOYxrQTqww0Jmwt+Ref8rggumkTLz9Q=="
    },
    "safer-buffer": {
      "version": "2.1.2",
      "resolved": "https://registry.npmjs.org/safer-buffer/-/safer-buffer-2.1.2.tgz",
      "integrity": "sha512-YZo3K82SD7Riyi0E1EQPojLz7kpepnSQI9IyPbHHg1XXXevb5dJI7tpyN2ADxGcQbHG7vcyRHk0cbwqcQriUtg=="
    },
    "typescript": {
      "version": "4.7.3",
      "resolved": "https://registry.npmjs.org/typescript/-/typescript-4.7.3.tgz",
      "integrity": "sha512-WOkT3XYvrpXx4vMMqlD+8R8R37fZkjyLGlxavMc4iB8lrl8L0DeTcHbYgw/v0N/z9wAFsgBhcsF0ruoySS22mA=="
    },
    "vm2": {
      "version": "3.9.17",
      "resolved": "https://registry.npmjs.org/vm2/-/vm2-3.9.17.tgz",
      "integrity": "sha512-AqwtCnZ/ERcX+AVj9vUsphY56YANXxRuqMb7GsDtAr0m0PcQX3u0Aj3KWiXM0YAHy7i6JEeHrwOnwXbGYgRpAw==",
      "requires": {
        "acorn": "^8.7.0",
        "acorn-walk": "^8.2.0"
      }
    }
  }
}
