{
  "name": "@activeledger/activeprotocol",
  "version": "2.6.6",
  "lockfileVersion": 2,
  "requires": true,
  "packages": {
    "": {
      "name": "@activeledger/activeprotocol",
      "version": "2.6.6",
      "license": "MIT",
      "dependencies": {
        "@activeledger/activecontracts": "^2.6.6",
        "@activeledger/activecrypto": "^2.6.6",
        "@activeledger/activedefinitions": "^2.6.6",
        "@activeledger/activelogger": "^2.6.6",
        "@activeledger/activeoptions": "^2.6.6",
        "@activeledger/activequery": "^2.6.6",
        "@activeledger/activetoolkits": "^2.6.6",
        "@types/node": "18.0.0",
        "typescript": "4.7.3",
        "vm2": "^3.9.3"
      }
    },
    "node_modules/@activeledger/activecontracts": {
      "version": "2.6.6",
      "resolved": "https://registry.npmjs.org/@activeledger/activecontracts/-/activecontracts-2.6.6.tgz",
      "integrity": "sha512-9e9DwCI6LP2MyJZKXQDsU4FRTotrzkLP1wtjBot1D4+mWMkRbx0Y6cUaAkz9JReis1FgBvsU8LDq16IC9eqC3g==",
      "dependencies": {
        "@activeledger/activecrypto": "^2.6.6",
        "@activeledger/activedefinitions": "^2.6.6",
        "@activeledger/activelogger": "^2.6.6",
        "@activeledger/activequery": "^2.6.6"
      }
    },
    "node_modules/@activeledger/activecrypto": {
      "version": "2.6.6",
      "resolved": "https://registry.npmjs.org/@activeledger/activecrypto/-/activecrypto-2.6.6.tgz",
      "integrity": "sha512-s3xtbdtouGnqJHLsSn5ytpjJMCv8b5o5qTvmKa9yUJlj8iZzR2DNzmqTd2S6XW9HBiQTlgQql/CPcdTF8jBiYA==",
      "dependencies": {
        "@activeledger/activelogger": "^2.6.6",
        "asn1.js": "5.4.1"
      }
    },
    "node_modules/@activeledger/activedefinitions": {
      "version": "2.6.6",
      "resolved": "https://registry.npmjs.org/@activeledger/activedefinitions/-/activedefinitions-2.6.6.tgz",
      "integrity": "sha512-m69/wEJDPWBgEZgNNtKAp6OQA51CHGg8FNTnnCaPz6sLqljDg4GjeEZifm2wnqh7+gAX9hUDeWZ0ujZ4nZjkLw==",
      "dependencies": {
        "@types/events": "^3.0.0"
      }
    },
    "node_modules/@activeledger/activelogger": {
      "version": "2.6.6",
      "resolved": "https://registry.npmjs.org/@activeledger/activelogger/-/activelogger-2.6.6.tgz",
      "integrity": "sha512-erDqOrZ6LLu3k3UP/GrrJyGbn1SquM1rxjfumxOpLgLQPLBHoM1XWd4LJDHCxkbKpBdplygI044/byhSFJHGOg=="
    },
    "node_modules/@activeledger/activeoptions": {
      "version": "2.6.6",
      "resolved": "https://registry.npmjs.org/@activeledger/activeoptions/-/activeoptions-2.6.6.tgz",
      "integrity": "sha512-BwlmWhz9tEwP0HwOWbKyJ+3lHxhgCtZehtA1YvWXVumOP9YeTsi6bxKsSHTUEWOWdbjAd+O7YiyvX6KGRm2K2Q==",
      "dependencies": {
        "@activeledger/activelogger": "^2.6.6",
        "@activeledger/activeutilities": "^2.6.6",
        "minimist": "1.2.5"
      }
    },
    "node_modules/@activeledger/activequery": {
      "version": "2.6.6",
      "resolved": "https://registry.npmjs.org/@activeledger/activequery/-/activequery-2.6.6.tgz",
      "integrity": "sha512-twRriAjY7qJFCnukjSg7F4+/VOXDh2UecdYGrnj+go7Dlq8fw3vsAtCe/8sqQ5k9unIE3m4+C+SPScTXsI5mdA==",
      "dependencies": {
        "@activeledger/activecrypto": "^2.6.6",
        "@activeledger/activedefinitions": "^2.6.6",
        "@activeledger/activelogger": "^2.6.6"
      }
    },
    "node_modules/@activeledger/activetoolkits": {
      "version": "2.6.6",
      "resolved": "https://registry.npmjs.org/@activeledger/activetoolkits/-/activetoolkits-2.6.6.tgz",
      "integrity": "sha512-4RhXCYp3zmRw7VOmwAtmc4H/xUYZdvuW61fxfAWvlfXHM3QG2Vhi9FtkUH72ckAJy/63gJE6AlFPACTfb6oj4w==",
      "dependencies": {
        "@activeledger/activeutilities": "^2.6.6"
      }
    },
    "node_modules/@activeledger/activeutilities": {
      "version": "2.6.6",
      "resolved": "https://registry.npmjs.org/@activeledger/activeutilities/-/activeutilities-2.6.6.tgz",
      "integrity": "sha512-RT+KV4VA8l+CEzpmeCPQ0NkRJ0POWbr5X5p9syCpjqPK6OaXbRQ5J6rads6MsGqH1uwOwu1oNwOrT9HKUICCig=="
    },
    "node_modules/@types/events": {
      "version": "3.0.0",
      "resolved": "https://registry.npmjs.org/@types/events/-/events-3.0.0.tgz",
      "integrity": "sha512-EaObqwIvayI5a8dCzhFrjKzVwKLxjoG9T6Ppd5CEo07LRKfQ8Yokw54r5+Wq7FaBQ+yXRvQAYPrHwya1/UFt9g=="
    },
    "node_modules/@types/node": {
      "version": "18.0.0",
      "resolved": "https://registry.npmjs.org/@types/node/-/node-18.0.0.tgz",
      "integrity": "sha512-cHlGmko4gWLVI27cGJntjs/Sj8th9aYwplmZFwmmgYQQvL5NUsgVJG7OddLvNfLqYS31KFN0s3qlaD9qCaxACA=="
    },
    "node_modules/asn1.js": {
      "version": "5.4.1",
      "resolved": "https://registry.npmjs.org/asn1.js/-/asn1.js-5.4.1.tgz",
      "integrity": "sha512-+I//4cYPccV8LdmBLiX8CYvf9Sp3vQsrqu2QNXRcrbiWvcx/UdlFiqUJJzxRQxgsZmvhXhn4cSKeSmoFjVdupA==",
      "dependencies": {
        "bn.js": "^4.0.0",
        "inherits": "^2.0.1",
        "minimalistic-assert": "^1.0.0",
        "safer-buffer": "^2.1.0"
      }
    },
    "node_modules/bn.js": {
      "version": "4.12.0",
      "resolved": "https://registry.npmjs.org/bn.js/-/bn.js-4.12.0.tgz",
      "integrity": "sha512-c98Bf3tPniI+scsdk237ku1Dc3ujXQTSgyiPUDEOe7tRkhrqridvh8klBv0HCEso1OLOYcHuCv/cS6DNxKH+ZA=="
    },
    "node_modules/inherits": {
      "version": "2.0.4",
      "resolved": "https://registry.npmjs.org/inherits/-/inherits-2.0.4.tgz",
      "integrity": "sha512-k/vGaX4/Yla3WzyMCvTQOXYeIHvqOKtnqBduzTHpzpQZzAskKMhZ2K+EnBiSM9zGSoIFeMpXKxa4dYeZIQqewQ=="
    },
    "node_modules/minimalistic-assert": {
      "version": "1.0.1",
      "resolved": "https://registry.npmjs.org/minimalistic-assert/-/minimalistic-assert-1.0.1.tgz",
      "integrity": "sha512-UtJcAD4yEaGtjPezWuO9wC4nwUnVH/8/Im3yEHQP4b67cXlD/Qr9hdITCU1xDbSEXg2XKNaP8jsReV7vQd00/A=="
    },
    "node_modules/minimist": {
      "version": "1.2.5",
      "resolved": "https://registry.npmjs.org/minimist/-/minimist-1.2.5.tgz",
      "integrity": "sha512-FM9nNUYrRBAELZQT3xeZQ7fmMOBg6nWNmJKTcgsJeaLstP/UODVpGsr5OhXhhXg6f+qtJ8uiZ+PUxkDWcgIXLw=="
    },
    "node_modules/safer-buffer": {
      "version": "2.1.2",
      "resolved": "https://registry.npmjs.org/safer-buffer/-/safer-buffer-2.1.2.tgz",
      "integrity": "sha512-YZo3K82SD7Riyi0E1EQPojLz7kpepnSQI9IyPbHHg1XXXevb5dJI7tpyN2ADxGcQbHG7vcyRHk0cbwqcQriUtg=="
    },
    "node_modules/typescript": {
      "version": "4.7.3",
      "resolved": "https://registry.npmjs.org/typescript/-/typescript-4.7.3.tgz",
      "integrity": "sha512-WOkT3XYvrpXx4vMMqlD+8R8R37fZkjyLGlxavMc4iB8lrl8L0DeTcHbYgw/v0N/z9wAFsgBhcsF0ruoySS22mA==",
      "bin": {
        "tsc": "bin/tsc",
        "tsserver": "bin/tsserver"
      },
      "engines": {
        "node": ">=4.2.0"
      }
    },
    "node_modules/vm2": {
      "version": "3.9.3",
      "resolved": "https://registry.npmjs.org/vm2/-/vm2-3.9.3.tgz",
      "integrity": "sha512-smLS+18RjXYMl9joyJxMNI9l4w7biW8ilSDaVRvFBDwOH8P0BK1ognFQTpg0wyQ6wIKLTblHJvROW692L/E53Q==",
      "bin": {
        "vm2": "bin/vm2"
      },
      "engines": {
        "node": ">=6.0"
      }
    }
  },
  "dependencies": {
    "@activeledger/activecontracts": {
      "version": "2.6.6",
      "resolved": "https://registry.npmjs.org/@activeledger/activecontracts/-/activecontracts-2.6.6.tgz",
      "integrity": "sha512-9e9DwCI6LP2MyJZKXQDsU4FRTotrzkLP1wtjBot1D4+mWMkRbx0Y6cUaAkz9JReis1FgBvsU8LDq16IC9eqC3g==",
      "requires": {
        "@activeledger/activecrypto": "^2.6.6",
        "@activeledger/activedefinitions": "^2.6.6",
        "@activeledger/activelogger": "^2.6.6",
        "@activeledger/activequery": "^2.6.6"
      }
    },
    "@activeledger/activecrypto": {
      "version": "2.6.6",
      "resolved": "https://registry.npmjs.org/@activeledger/activecrypto/-/activecrypto-2.6.6.tgz",
      "integrity": "sha512-s3xtbdtouGnqJHLsSn5ytpjJMCv8b5o5qTvmKa9yUJlj8iZzR2DNzmqTd2S6XW9HBiQTlgQql/CPcdTF8jBiYA==",
      "requires": {
        "@activeledger/activelogger": "^2.6.6",
        "asn1.js": "5.4.1"
      }
    },
    "@activeledger/activedefinitions": {
      "version": "2.6.6",
      "resolved": "https://registry.npmjs.org/@activeledger/activedefinitions/-/activedefinitions-2.6.6.tgz",
      "integrity": "sha512-m69/wEJDPWBgEZgNNtKAp6OQA51CHGg8FNTnnCaPz6sLqljDg4GjeEZifm2wnqh7+gAX9hUDeWZ0ujZ4nZjkLw==",
      "requires": {
        "@types/events": "^3.0.0"
      }
    },
    "@activeledger/activelogger": {
      "version": "2.6.6",
      "resolved": "https://registry.npmjs.org/@activeledger/activelogger/-/activelogger-2.6.6.tgz",
      "integrity": "sha512-erDqOrZ6LLu3k3UP/GrrJyGbn1SquM1rxjfumxOpLgLQPLBHoM1XWd4LJDHCxkbKpBdplygI044/byhSFJHGOg=="
    },
    "@activeledger/activeoptions": {
      "version": "2.6.6",
      "resolved": "https://registry.npmjs.org/@activeledger/activeoptions/-/activeoptions-2.6.6.tgz",
      "integrity": "sha512-BwlmWhz9tEwP0HwOWbKyJ+3lHxhgCtZehtA1YvWXVumOP9YeTsi6bxKsSHTUEWOWdbjAd+O7YiyvX6KGRm2K2Q==",
      "requires": {
        "@activeledger/activelogger": "^2.6.6",
        "@activeledger/activeutilities": "^2.6.6",
        "minimist": "1.2.5"
      }
    },
    "@activeledger/activequery": {
      "version": "2.6.6",
      "resolved": "https://registry.npmjs.org/@activeledger/activequery/-/activequery-2.6.6.tgz",
      "integrity": "sha512-twRriAjY7qJFCnukjSg7F4+/VOXDh2UecdYGrnj+go7Dlq8fw3vsAtCe/8sqQ5k9unIE3m4+C+SPScTXsI5mdA==",
      "requires": {
        "@activeledger/activecrypto": "^2.6.6",
        "@activeledger/activedefinitions": "^2.6.6",
        "@activeledger/activelogger": "^2.6.6"
      }
    },
    "@activeledger/activetoolkits": {
      "version": "2.6.6",
      "resolved": "https://registry.npmjs.org/@activeledger/activetoolkits/-/activetoolkits-2.6.6.tgz",
      "integrity": "sha512-4RhXCYp3zmRw7VOmwAtmc4H/xUYZdvuW61fxfAWvlfXHM3QG2Vhi9FtkUH72ckAJy/63gJE6AlFPACTfb6oj4w==",
      "requires": {
        "@activeledger/activeutilities": "^2.6.6"
      }
    },
    "@activeledger/activeutilities": {
      "version": "2.6.6",
      "resolved": "https://registry.npmjs.org/@activeledger/activeutilities/-/activeutilities-2.6.6.tgz",
      "integrity": "sha512-RT+KV4VA8l+CEzpmeCPQ0NkRJ0POWbr5X5p9syCpjqPK6OaXbRQ5J6rads6MsGqH1uwOwu1oNwOrT9HKUICCig=="
    },
    "@types/events": {
      "version": "3.0.0",
      "resolved": "https://registry.npmjs.org/@types/events/-/events-3.0.0.tgz",
      "integrity": "sha512-EaObqwIvayI5a8dCzhFrjKzVwKLxjoG9T6Ppd5CEo07LRKfQ8Yokw54r5+Wq7FaBQ+yXRvQAYPrHwya1/UFt9g=="
    },
    "@types/node": {
      "version": "18.0.0",
      "resolved": "https://registry.npmjs.org/@types/node/-/node-18.0.0.tgz",
      "integrity": "sha512-cHlGmko4gWLVI27cGJntjs/Sj8th9aYwplmZFwmmgYQQvL5NUsgVJG7OddLvNfLqYS31KFN0s3qlaD9qCaxACA=="
    },
    "asn1.js": {
      "version": "5.4.1",
      "resolved": "https://registry.npmjs.org/asn1.js/-/asn1.js-5.4.1.tgz",
      "integrity": "sha512-+I//4cYPccV8LdmBLiX8CYvf9Sp3vQsrqu2QNXRcrbiWvcx/UdlFiqUJJzxRQxgsZmvhXhn4cSKeSmoFjVdupA==",
      "requires": {
        "bn.js": "^4.0.0",
        "inherits": "^2.0.1",
        "minimalistic-assert": "^1.0.0",
        "safer-buffer": "^2.1.0"
      }
    },
    "bn.js": {
      "version": "4.12.0",
      "resolved": "https://registry.npmjs.org/bn.js/-/bn.js-4.12.0.tgz",
      "integrity": "sha512-c98Bf3tPniI+scsdk237ku1Dc3ujXQTSgyiPUDEOe7tRkhrqridvh8klBv0HCEso1OLOYcHuCv/cS6DNxKH+ZA=="
    },
    "inherits": {
      "version": "2.0.4",
      "resolved": "https://registry.npmjs.org/inherits/-/inherits-2.0.4.tgz",
      "integrity": "sha512-k/vGaX4/Yla3WzyMCvTQOXYeIHvqOKtnqBduzTHpzpQZzAskKMhZ2K+EnBiSM9zGSoIFeMpXKxa4dYeZIQqewQ=="
    },
    "minimalistic-assert": {
      "version": "1.0.1",
      "resolved": "https://registry.npmjs.org/minimalistic-assert/-/minimalistic-assert-1.0.1.tgz",
      "integrity": "sha512-UtJcAD4yEaGtjPezWuO9wC4nwUnVH/8/Im3yEHQP4b67cXlD/Qr9hdITCU1xDbSEXg2XKNaP8jsReV7vQd00/A=="
    },
    "minimist": {
      "version": "1.2.5",
      "resolved": "https://registry.npmjs.org/minimist/-/minimist-1.2.5.tgz",
      "integrity": "sha512-FM9nNUYrRBAELZQT3xeZQ7fmMOBg6nWNmJKTcgsJeaLstP/UODVpGsr5OhXhhXg6f+qtJ8uiZ+PUxkDWcgIXLw=="
    },
    "safer-buffer": {
      "version": "2.1.2",
      "resolved": "https://registry.npmjs.org/safer-buffer/-/safer-buffer-2.1.2.tgz",
      "integrity": "sha512-YZo3K82SD7Riyi0E1EQPojLz7kpepnSQI9IyPbHHg1XXXevb5dJI7tpyN2ADxGcQbHG7vcyRHk0cbwqcQriUtg=="
    },
    "typescript": {
      "version": "4.7.3",
      "resolved": "https://registry.npmjs.org/typescript/-/typescript-4.7.3.tgz",
      "integrity": "sha512-WOkT3XYvrpXx4vMMqlD+8R8R37fZkjyLGlxavMc4iB8lrl8L0DeTcHbYgw/v0N/z9wAFsgBhcsF0ruoySS22mA=="
    },
    "vm2": {
      "version": "3.9.3",
      "resolved": "https://registry.npmjs.org/vm2/-/vm2-3.9.3.tgz",
      "integrity": "sha512-smLS+18RjXYMl9joyJxMNI9l4w7biW8ilSDaVRvFBDwOH8P0BK1ognFQTpg0wyQ6wIKLTblHJvROW692L/E53Q=="
    }
  }
}
