{
	"name": "@activeledger/activerestore",
	"version": "2.2.0",
	"lockfileVersion": 1,
	"requires": true,
	"dependencies": {
		"@activeledger/activecontracts": {
			"version": "2.1.12",
			"resolved": "https://registry.npmjs.org/@activeledger/activecontracts/-/activecontracts-2.1.12.tgz",
			"integrity": "sha512-0pqoutmt1nYA/iILHlbJVMaZhIlvd1JtDxiqWwMIzrfxPLi65QULgCrY52JDxGTd+E0Pao/TrLs5qLRuTtTYPg==",
			"requires": {
				"@activeledger/activecrypto": "^2.1.12",
				"@activeledger/activedefinitions": "^2.1.12",
				"@activeledger/activelogger": "^2.1.12",
				"@activeledger/activequery": "^2.1.12"
			}
		},
		"@activeledger/activecrypto": {
			"version": "2.1.12",
			"resolved": "https://registry.npmjs.org/@activeledger/activecrypto/-/activecrypto-2.1.12.tgz",
			"integrity": "sha512-BQJsb5kpI4/vWO3LwMSSgKR4wtrGvxN3fUVe14V5/Nw5hyz00Ue6KhBONAkmzrntqwHmXTcfcIHtpeAdXSM4fw==",
			"requires": {
				"@activeledger/activelogger": "^2.1.12",
				"asn1.js": "5.0.1"
			}
		},
		"@activeledger/activedefinitions": {
			"version": "2.1.12",
			"resolved": "https://registry.npmjs.org/@activeledger/activedefinitions/-/activedefinitions-2.1.12.tgz",
			"integrity": "sha512-NC0D5GAtB82Hs+isIumKQRDEMd1FlwEZaWheRSlWMHN+ZHJszqr/KKdkdoq1GviVva+Pt10t9f9gqrMuKwWEhQ=="
		},
		"@activeledger/activelogger": {
			"version": "2.1.12",
			"resolved": "https://registry.npmjs.org/@activeledger/activelogger/-/activelogger-2.1.12.tgz",
			"integrity": "sha512-YwMmsAKmJD6n2fFdXszGEnSrzCPcLF0qVTd2YkcXwLgpkbUL5ApiMc8CqGH5//wVyYMy4Gcn/nbs1feLuRjBMw=="
		},
		"@activeledger/activenetwork": {
			"version": "2.1.12",
			"resolved": "https://registry.npmjs.org/@activeledger/activenetwork/-/activenetwork-2.1.12.tgz",
			"integrity": "sha512-QIqZsFLisNbjpvjEPFuK7Tgnm3d4IcmbhF4dotKb3EdW7k4J1AX0fe2EYgo0thtIZzqACxMBQm3uMpCad6RiDg==",
			"requires": {
				"@activeledger/activecrypto": "^2.1.12",
				"@activeledger/activedefinitions": "^2.1.12",
				"@activeledger/activelogger": "^2.1.12",
				"@activeledger/activeoptions": "^2.1.12",
				"@activeledger/activeprotocol": "^2.1.12",
				"@activeledger/activequery": "^2.1.12"
			}
		},
		"@activeledger/activeoptions": {
			"version": "2.1.12",
			"resolved": "https://registry.npmjs.org/@activeledger/activeoptions/-/activeoptions-2.1.12.tgz",
			"integrity": "sha512-Hw5WWEW5Md09c1WUc6tu6Yg7k0MNFwCv7fnS5aJtxkEDu0BO39X2xl/wrFnUdcPwFVMmmOLOPe30otKcg8tYsA==",
			"requires": {
				"@activeledger/activelogger": "^2.1.12",
				"@activeledger/activeutilities": "^2.1.12",
				"minimist": "1.2.0"
			}
		},
		"@activeledger/activeprotocol": {
			"version": "2.1.12",
			"resolved": "https://registry.npmjs.org/@activeledger/activeprotocol/-/activeprotocol-2.1.12.tgz",
			"integrity": "sha512-Ork/1d+1tzr8H/J5vUQu9/HSSFv/NT0HcIBrPYDreyuffXrYi2GF6DAK9xX+9s1v2pZT5TkrpYMYdAXw7YBXSA==",
			"requires": {
				"@activeledger/activecontracts": "^2.1.12",
				"@activeledger/activecrypto": "^2.1.12",
				"@activeledger/activedefinitions": "^2.1.12",
				"@activeledger/activelogger": "^2.1.12",
				"@activeledger/activeoptions": "^2.1.12",
				"@activeledger/activequery": "^2.1.12",
				"@types/node": "10.12.21",
				"typescript": "3.3.1",
				"vm2": "3.6.10"
			},
			"dependencies": {
				"@types/node": {
					"version": "10.12.21",
					"resolved": "https://registry.npmjs.org/@types/node/-/node-10.12.21.tgz",
					"integrity": "sha512-CBgLNk4o3XMnqMc0rhb6lc77IwShMEglz05deDcn2lQxyXEZivfwgYJu7SMha9V5XcrP6qZuevTHV/QrN2vjKQ=="
				},
				"typescript": {
					"version": "3.3.1",
					"resolved": "https://registry.npmjs.org/typescript/-/typescript-3.3.1.tgz",
					"integrity": "sha512-cTmIDFW7O0IHbn1DPYjkiebHxwtCMU+eTy30ZtJNBPF9j2O1ITu5XH2YnBeVRKWHqF+3JQwWJv0Q0aUgX8W7IA=="
				}
			}
		},
		"@activeledger/activequery": {
			"version": "2.1.12",
			"resolved": "https://registry.npmjs.org/@activeledger/activequery/-/activequery-2.1.12.tgz",
			"integrity": "sha512-RDQjh/DWMqs34uLi6NHgcjNXncyOL4F4mTeI6VPUeiu+fq/xal1lmvdVlXbbfbEr5H6opnXspIxkyYNX8WWxww==",
			"requires": {
				"@activeledger/activecrypto": "^2.1.12",
				"@activeledger/activedefinitions": "^2.1.12",
				"@activeledger/activelogger": "^2.1.12"
			}
		},
		"@activeledger/activeutilities": {
			"version": "2.1.12",
			"resolved": "https://registry.npmjs.org/@activeledger/activeutilities/-/activeutilities-2.1.12.tgz",
			"integrity": "sha512-qMGrFkHUcBjMd+nZJIHEzHQn5b/Oi5D/NifN1dZ5jTALHnFWxLUmTiipgwnUhZLxFxdu1dNv6fgi35SH5EgKzA=="
		},
		"@types/node": {
			"version": "10.17.13",
			"resolved": "https://registry.npmjs.org/@types/node/-/node-10.17.13.tgz",
			"integrity": "sha512-pMCcqU2zT4TjqYFrWtYHKal7Sl30Ims6ulZ4UFXxI4xbtQqK/qqKwkDoBFCfooRqqmRu9vY3xaJRwxSh673aYg==",
			"dev": true
		},
		"asn1.js": {
			"version": "5.0.1",
			"resolved": "https://registry.npmjs.org/asn1.js/-/asn1.js-5.0.1.tgz",
			"integrity": "sha512-aO8EaEgbgqq77IEw+1jfx5c9zTbzvkfuRBuZsSsPnTHMkmd5AI4J6OtITLZFa381jReeaQL67J0GBTUu0+ZTVw==",
			"requires": {
				"bn.js": "^4.0.0",
				"inherits": "^2.0.1",
				"minimalistic-assert": "^1.0.0"
			}
		},
		"bn.js": {
			"version": "4.11.8",
			"resolved": "https://registry.npmjs.org/bn.js/-/bn.js-4.11.8.tgz",
			"integrity": "sha512-ItfYfPLkWHUjckQCk8xC+LwxgK8NYcXywGigJgSwOP8Y2iyWT4f2vsZnoOXTTbo+o5yXmIUJ4gn5538SO5S3gA=="
		},
		"inherits": {
			"version": "2.0.4",
			"resolved": "https://registry.npmjs.org/inherits/-/inherits-2.0.4.tgz",
			"integrity": "sha512-k/vGaX4/Yla3WzyMCvTQOXYeIHvqOKtnqBduzTHpzpQZzAskKMhZ2K+EnBiSM9zGSoIFeMpXKxa4dYeZIQqewQ=="
		},
		"minimalistic-assert": {
			"version": "1.0.1",
			"resolved": "https://registry.npmjs.org/minimalistic-assert/-/minimalistic-assert-1.0.1.tgz",
			"integrity": "sha512-UtJcAD4yEaGtjPezWuO9wC4nwUnVH/8/Im3yEHQP4b67cXlD/Qr9hdITCU1xDbSEXg2XKNaP8jsReV7vQd00/A=="
		},
		"minimist": {
			"version": "1.2.0",
			"resolved": "https://registry.npmjs.org/minimist/-/minimist-1.2.0.tgz",
			"integrity": "sha1-o1AIsg9BOD7sH7kU9M1d95omQoQ="
		},
		"typescript": {
			"version": "3.7.4",
			"resolved": "https://registry.npmjs.org/typescript/-/typescript-3.7.4.tgz",
			"integrity": "sha512-A25xv5XCtarLwXpcDNZzCGvW2D1S3/bACratYBx2sax8PefsFhlYmkQicKHvpYflFS8if4zne5zT5kpJ7pzuvw=="
		},
		"vm2": {
			"version": "3.6.10",
			"resolved": "https://registry.npmjs.org/vm2/-/vm2-3.6.10.tgz",
			"integrity": "sha512-p4LBl7theIhmKaWPdCn25kEIG0bfDDEDx1lexXH7gcCu9pHIT+PKFgofwLHVHUGhe39lKExeaYVEZtdbQhdl2g=="
		}
	}
}
