{
	"name": "@activeledger/activerestore",
	"version": "2.3.1",
	"lockfileVersion": 1,
	"requires": true,
	"dependencies": {
		"@activeledger/activecontracts": {
			"version": "2.2.0",
			"resolved": "https://registry.npmjs.org/@activeledger/activecontracts/-/activecontracts-2.2.0.tgz",
			"integrity": "sha512-O8mzYYUxPW3wWMw5hddT0qnVAdhZ7j5y693Vjzr1Vvf+5tsQ1kbtOMuWLNJjRo52BqKSl5Tf5MVhavKY3VPxwg==",
			"requires": {
				"@activeledger/activecrypto": "^2.2.0",
				"@activeledger/activedefinitions": "^2.2.0",
				"@activeledger/activelogger": "^2.2.0",
				"@activeledger/activequery": "^2.2.0"
			}
		},
		"@activeledger/activecrypto": {
			"version": "2.2.0",
			"resolved": "https://registry.npmjs.org/@activeledger/activecrypto/-/activecrypto-2.2.0.tgz",
			"integrity": "sha512-niVNYvC3tMmx059pcK1sZsku2np8COK/qeoSEizQ0WiPXLf47ZojILnS/siFrm0gGy2wv3VX1fFFVVg+lSWnqQ==",
			"requires": {
				"@activeledger/activelogger": "^2.2.0",
				"asn1.js": "5.0.1"
			}
		},
		"@activeledger/activedefinitions": {
			"version": "2.2.0",
			"resolved": "https://registry.npmjs.org/@activeledger/activedefinitions/-/activedefinitions-2.2.0.tgz",
			"integrity": "sha512-5vf0NVyghTjdPxJuBzunpbw9wyizOJO6YQPxnZwqB0TkTUl6s+Jd2WeMHj2Kb7TC8o/rQwRlPDxudIwgGDczEg==",
			"requires": {
				"@types/events": "^3.0.0"
			}
		},
		"@activeledger/activelogger": {
			"version": "2.2.0",
			"resolved": "https://registry.npmjs.org/@activeledger/activelogger/-/activelogger-2.2.0.tgz",
			"integrity": "sha512-DG4ckZLODZv2ZN3QA4bbh90SNlNfMbTITWQkwKQXArkUmHcqH28TqYkbgqRufDv4rfOPlQgRqpplI+HQAH0yRg=="
		},
		"@activeledger/activenetwork": {
			"version": "2.3.0",
			"resolved": "https://registry.npmjs.org/@activeledger/activenetwork/-/activenetwork-2.3.0.tgz",
			"integrity": "sha512-s2GZxnUxGgGKll8WpLKgA7EeEXE6dDZKZoyYTUqcP4a9OhiZ4TnILNfM1sR5qts0ZjucdpZqy7En/78K7Z/kgw==",
			"requires": {
				"@activeledger/activecrypto": "^2.2.0",
				"@activeledger/activedefinitions": "^2.2.0",
				"@activeledger/activelogger": "^2.2.0",
				"@activeledger/activeoptions": "^2.3.0",
				"@activeledger/activeprotocol": "^2.3.0",
				"@activeledger/activequery": "^2.2.0"
			}
		},
		"@activeledger/activeoptions": {
			"version": "2.3.0",
			"resolved": "https://registry.npmjs.org/@activeledger/activeoptions/-/activeoptions-2.3.0.tgz",
			"integrity": "sha512-Wht0qiYIBaxUYYqtRGI6zqYYEvGACAP5Hdj6fubg1192JuLPBS39XFMWedRWSp7iVcCszO/SyX9V5oelem5DJQ==",
			"requires": {
				"@activeledger/activelogger": "^2.2.0",
				"@activeledger/activeutilities": "^2.2.0",
				"minimist": "1.2.3"
			}
		},
		"@activeledger/activeprotocol": {
			"version": "2.3.0",
			"resolved": "https://registry.npmjs.org/@activeledger/activeprotocol/-/activeprotocol-2.3.0.tgz",
			"integrity": "sha512-GNXtB3ihVIZCm/Xm/HEY2De3BDr5PjmtsbTgijkY7oKqBbsZ+ixzIf2nJKpw7kyPu3NhZYItQOhJb2mwudVO9w==",
			"requires": {
				"@activeledger/activecontracts": "^2.2.0",
				"@activeledger/activecrypto": "^2.2.0",
				"@activeledger/activedefinitions": "^2.2.0",
				"@activeledger/activelogger": "^2.2.0",
				"@activeledger/activeoptions": "^2.3.0",
				"@activeledger/activequery": "^2.2.0",
				"@activeledger/activetoolkits": "^2.2.0",
				"@types/node": "10.12.21",
				"typescript": "3.3.1",
				"vm2": "3.6.10"
			},
			"dependencies": {
				"@types/node": {
					"version": "10.12.21",
					"resolved": "https://registry.npmjs.org/@types/node/-/node-10.12.21.tgz",
					"integrity": "sha512-CBgLNk4o3XMnqMc0rhb6lc77IwShMEglz05deDcn2lQxyXEZivfwgYJu7SMha9V5XcrP6qZuevTHV/QrN2vjKQ=="
				},
				"typescript": {
					"version": "3.3.1",
					"resolved": "https://registry.npmjs.org/typescript/-/typescript-3.3.1.tgz",
					"integrity": "sha512-cTmIDFW7O0IHbn1DPYjkiebHxwtCMU+eTy30ZtJNBPF9j2O1ITu5XH2YnBeVRKWHqF+3JQwWJv0Q0aUgX8W7IA=="
				}
			}
		},
		"@activeledger/activequery": {
			"version": "2.2.0",
			"resolved": "https://registry.npmjs.org/@activeledger/activequery/-/activequery-2.2.0.tgz",
			"integrity": "sha512-YVNotUVfxi96H4iuMdj/7FvjQ6fskB31gBxYMVzQZX+76A68d8stjS7VR8LeIYGcRjgllPzCjGYW3G9iZu2OxQ==",
			"requires": {
				"@activeledger/activecrypto": "^2.2.0",
				"@activeledger/activedefinitions": "^2.2.0",
				"@activeledger/activelogger": "^2.2.0"
			}
		},
		"@activeledger/activetoolkits": {
			"version": "2.2.0",
			"resolved": "https://registry.npmjs.org/@activeledger/activetoolkits/-/activetoolkits-2.2.0.tgz",
			"integrity": "sha512-WA1216hokClDyWQpdg1YMaXpRBHdeTw52Nb0oYfIl1TUlPoMivkGc2wUBlZ7prxlJFUuBzJgM3t5J7o/SfazOA==",
			"requires": {
				"@activeledger/activeutilities": "^2.2.0"
			}
		},
		"@activeledger/activeutilities": {
			"version": "2.2.0",
			"resolved": "https://registry.npmjs.org/@activeledger/activeutilities/-/activeutilities-2.2.0.tgz",
			"integrity": "sha512-rc98SweK4fFZD4a+CcDaKIDCxhhVhzHHjhP0W6Ft/48xABr8XKLkqb57FfWf5pc62UeoYHVGdYX+CZhFZHPqVQ=="
		},
		"@types/events": {
			"version": "3.0.0",
			"resolved": "https://registry.npmjs.org/@types/events/-/events-3.0.0.tgz",
			"integrity": "sha512-EaObqwIvayI5a8dCzhFrjKzVwKLxjoG9T6Ppd5CEo07LRKfQ8Yokw54r5+Wq7FaBQ+yXRvQAYPrHwya1/UFt9g=="
		},
		"@types/node": {
			"version": "10.17.13",
			"resolved": "https://registry.npmjs.org/@types/node/-/node-10.17.13.tgz",
			"integrity": "sha512-pMCcqU2zT4TjqYFrWtYHKal7Sl30Ims6ulZ4UFXxI4xbtQqK/qqKwkDoBFCfooRqqmRu9vY3xaJRwxSh673aYg==",
			"dev": true
		},
		"asn1.js": {
			"version": "5.0.1",
			"resolved": "https://registry.npmjs.org/asn1.js/-/asn1.js-5.0.1.tgz",
			"integrity": "sha512-aO8EaEgbgqq77IEw+1jfx5c9zTbzvkfuRBuZsSsPnTHMkmd5AI4J6OtITLZFa381jReeaQL67J0GBTUu0+ZTVw==",
			"requires": {
				"bn.js": "^4.0.0",
				"inherits": "^2.0.1",
				"minimalistic-assert": "^1.0.0"
			}
		},
		"bn.js": {
			"version": "4.11.9",
			"resolved": "https://registry.npmjs.org/bn.js/-/bn.js-4.11.9.tgz",
			"integrity": "sha512-E6QoYqCKZfgatHTdHzs1RRKP7ip4vvm+EyRUeE2RF0NblwVvb0p6jSVeNTOFxPn26QXN2o6SMfNxKp6kU8zQaw=="
		},
		"inherits": {
			"version": "2.0.4",
			"resolved": "https://registry.npmjs.org/inherits/-/inherits-2.0.4.tgz",
			"integrity": "sha512-k/vGaX4/Yla3WzyMCvTQOXYeIHvqOKtnqBduzTHpzpQZzAskKMhZ2K+EnBiSM9zGSoIFeMpXKxa4dYeZIQqewQ=="
		},
		"minimalistic-assert": {
			"version": "1.0.1",
			"resolved": "https://registry.npmjs.org/minimalistic-assert/-/minimalistic-assert-1.0.1.tgz",
			"integrity": "sha512-UtJcAD4yEaGtjPezWuO9wC4nwUnVH/8/Im3yEHQP4b67cXlD/Qr9hdITCU1xDbSEXg2XKNaP8jsReV7vQd00/A=="
		},
		"minimist": {
			"version": "1.2.3",
			"resolved": "https://registry.npmjs.org/minimist/-/minimist-1.2.3.tgz",
			"integrity": "sha512-+bMdgqjMN/Z77a6NlY/I3U5LlRDbnmaAk6lDveAPKwSpcPM4tKAuYsvYF8xjhOPXhOYGe/73vVLVez5PW+jqhw=="
		},
		"typescript": {
			"version": "3.7.4",
			"resolved": "https://registry.npmjs.org/typescript/-/typescript-3.7.4.tgz",
			"integrity": "sha512-A25xv5XCtarLwXpcDNZzCGvW2D1S3/bACratYBx2sax8PefsFhlYmkQicKHvpYflFS8if4zne5zT5kpJ7pzuvw=="
		},
		"vm2": {
			"version": "3.6.10",
			"resolved": "https://registry.npmjs.org/vm2/-/vm2-3.6.10.tgz",
			"integrity": "sha512-p4LBl7theIhmKaWPdCn25kEIG0bfDDEDx1lexXH7gcCu9pHIT+PKFgofwLHVHUGhe39lKExeaYVEZtdbQhdl2g=="
		}
	}
}
