{
	"name": "@activeledger/activerestore",
	"version": "2.1.12",
	"lockfileVersion": 1,
	"requires": true,
	"dependencies": {
		"@activeledger/activecontracts": {
			"version": "2.1.3",
			"resolved": "https://registry.npmjs.org/@activeledger/activecontracts/-/activecontracts-2.1.3.tgz",
			"integrity": "sha512-jezRBDV/+jE84xX6WppNCyOxkgybU31JZbo/8mxyhRNB1+mNoTHywy1npCoJI1X2DZMbCi1gA7l1gp/fcJpT5w==",
			"requires": {
				"@activeledger/activecrypto": "^2.1.3",
				"@activeledger/activedefinitions": "^2.1.3",
				"@activeledger/activelogger": "^2.1.3",
				"@activeledger/activequery": "^2.1.3"
			}
		},
		"@activeledger/activecrypto": {
			"version": "2.1.3",
			"resolved": "https://registry.npmjs.org/@activeledger/activecrypto/-/activecrypto-2.1.3.tgz",
			"integrity": "sha512-pcTOBNCrEdEGqh1opIzSuZ4TQ+/ziQGVVsQsD61CuYyqvOWVl/ThIRJ1Jltrs0MtOxh5L7V24XVBeF32lac5oA==",
			"requires": {
				"@activeledger/activelogger": "^2.1.3",
				"asn1.js": "5.0.1"
			}
		},
		"@activeledger/activedefinitions": {
			"version": "2.1.3",
			"resolved": "https://registry.npmjs.org/@activeledger/activedefinitions/-/activedefinitions-2.1.3.tgz",
			"integrity": "sha512-M97y+IOp8aJSnue75+DXWwnbVZCaFAcZNhMrDG2ubK+m/HCOamUXU5p9sP6mNfloO5/cfkYxI6aUAa6acxSa2Q=="
		},
		"@activeledger/activelogger": {
			"version": "2.1.3",
			"resolved": "https://registry.npmjs.org/@activeledger/activelogger/-/activelogger-2.1.3.tgz",
			"integrity": "sha512-ZhNDTgmRlSgovzGSNW8sX7+V9llcDCShrfC65lGm9CAZflKcipHwZ5KgRAo0eaY7vBRnnH0ziCZaJNt+bqK96w=="
		},
		"@activeledger/activenetwork": {
			"version": "2.1.11",
			"resolved": "https://registry.npmjs.org/@activeledger/activenetwork/-/activenetwork-2.1.11.tgz",
			"integrity": "sha512-SEv7aW0CWpB18J+eT50CYKvkmp4oXG+B+MRBoCyTO7wtTl+dEWh4pB2YTnG+6tbNn9MZr2fG4OyJ6M5keFPD2A==",
			"requires": {
				"@activeledger/activecrypto": "^2.1.3",
				"@activeledger/activedefinitions": "^2.1.3",
				"@activeledger/activelogger": "^2.1.3",
				"@activeledger/activeoptions": "^2.1.11",
				"@activeledger/activeprotocol": "^2.1.11",
				"@activeledger/activequery": "^2.1.3"
			}
		},
		"@activeledger/activeoptions": {
			"version": "2.1.11",
			"resolved": "https://registry.npmjs.org/@activeledger/activeoptions/-/activeoptions-2.1.11.tgz",
			"integrity": "sha512-G7Z8mc4s6+9jo9uSIguC691+T+Nm+5sUTkZhwBS64mYfs4wIxeKvsoWr7pLN05OI24jHBJQ2YtkfwqBAXIExtQ==",
			"requires": {
				"@activeledger/activelogger": "^2.1.3",
				"@activeledger/activeutilities": "^2.1.3",
				"minimist": "1.2.0"
			}
		},
		"@activeledger/activeprotocol": {
			"version": "2.1.11",
			"resolved": "https://registry.npmjs.org/@activeledger/activeprotocol/-/activeprotocol-2.1.11.tgz",
			"integrity": "sha512-DshkSlKO05THdSf1ydu45jh/BWUHvGuaAyLh3eaXA3QlDEKlrCMC5T3686edCLjqzaSdKW6fvVoWGWE28FJ5vg==",
			"requires": {
				"@activeledger/activecontracts": "^2.1.3",
				"@activeledger/activecrypto": "^2.1.3",
				"@activeledger/activedefinitions": "^2.1.3",
				"@activeledger/activelogger": "^2.1.3",
				"@activeledger/activeoptions": "^2.1.11",
				"@activeledger/activequery": "^2.1.3",
				"@types/node": "10.12.21",
				"typescript": "3.3.1",
				"vm2": "3.6.10"
			},
			"dependencies": {
				"@types/node": {
					"version": "10.12.21",
					"resolved": "https://registry.npmjs.org/@types/node/-/node-10.12.21.tgz",
					"integrity": "sha512-CBgLNk4o3XMnqMc0rhb6lc77IwShMEglz05deDcn2lQxyXEZivfwgYJu7SMha9V5XcrP6qZuevTHV/QrN2vjKQ=="
				},
				"typescript": {
					"version": "3.3.1",
					"resolved": "https://registry.npmjs.org/typescript/-/typescript-3.3.1.tgz",
					"integrity": "sha512-cTmIDFW7O0IHbn1DPYjkiebHxwtCMU+eTy30ZtJNBPF9j2O1ITu5XH2YnBeVRKWHqF+3JQwWJv0Q0aUgX8W7IA=="
				}
			}
		},
		"@activeledger/activequery": {
			"version": "2.1.3",
			"resolved": "https://registry.npmjs.org/@activeledger/activequery/-/activequery-2.1.3.tgz",
			"integrity": "sha512-lEgAuvX1sVYdwRpaSh6Nyhuzh3xbRGngAebMFvfPVZ7n/uZA/Dzodk064XSX1/SeOQSfHFtJv2dEVhKZkxyiVg==",
			"requires": {
				"@activeledger/activecrypto": "^2.1.3",
				"@activeledger/activedefinitions": "^2.1.3",
				"@activeledger/activelogger": "^2.1.3"
			}
		},
		"@activeledger/activeutilities": {
			"version": "2.1.3",
			"resolved": "https://registry.npmjs.org/@activeledger/activeutilities/-/activeutilities-2.1.3.tgz",
			"integrity": "sha512-oKKhTzey7ZCKkay4WLsSAz9bGa0hWNjxFSRlOXAqTMzKLgrJdb5OucMtfNBL1QhyAyO2rMsyayD9AerD7KF52A=="
		},
		"@types/node": {
			"version": "10.17.13",
			"resolved": "https://registry.npmjs.org/@types/node/-/node-10.17.13.tgz",
			"integrity": "sha512-pMCcqU2zT4TjqYFrWtYHKal7Sl30Ims6ulZ4UFXxI4xbtQqK/qqKwkDoBFCfooRqqmRu9vY3xaJRwxSh673aYg==",
			"dev": true
		},
		"asn1.js": {
			"version": "5.0.1",
			"resolved": "https://registry.npmjs.org/asn1.js/-/asn1.js-5.0.1.tgz",
			"integrity": "sha512-aO8EaEgbgqq77IEw+1jfx5c9zTbzvkfuRBuZsSsPnTHMkmd5AI4J6OtITLZFa381jReeaQL67J0GBTUu0+ZTVw==",
			"requires": {
				"bn.js": "^4.0.0",
				"inherits": "^2.0.1",
				"minimalistic-assert": "^1.0.0"
			}
		},
		"bn.js": {
			"version": "4.11.8",
			"resolved": "https://registry.npmjs.org/bn.js/-/bn.js-4.11.8.tgz",
			"integrity": "sha512-ItfYfPLkWHUjckQCk8xC+LwxgK8NYcXywGigJgSwOP8Y2iyWT4f2vsZnoOXTTbo+o5yXmIUJ4gn5538SO5S3gA=="
		},
		"inherits": {
			"version": "2.0.4",
			"resolved": "https://registry.npmjs.org/inherits/-/inherits-2.0.4.tgz",
			"integrity": "sha512-k/vGaX4/Yla3WzyMCvTQOXYeIHvqOKtnqBduzTHpzpQZzAskKMhZ2K+EnBiSM9zGSoIFeMpXKxa4dYeZIQqewQ=="
		},
		"minimalistic-assert": {
			"version": "1.0.1",
			"resolved": "https://registry.npmjs.org/minimalistic-assert/-/minimalistic-assert-1.0.1.tgz",
			"integrity": "sha512-UtJcAD4yEaGtjPezWuO9wC4nwUnVH/8/Im3yEHQP4b67cXlD/Qr9hdITCU1xDbSEXg2XKNaP8jsReV7vQd00/A=="
		},
		"minimist": {
			"version": "1.2.0",
			"resolved": "https://registry.npmjs.org/minimist/-/minimist-1.2.0.tgz",
			"integrity": "sha1-o1AIsg9BOD7sH7kU9M1d95omQoQ="
		},
		"typescript": {
			"version": "3.7.4",
			"resolved": "https://registry.npmjs.org/typescript/-/typescript-3.7.4.tgz",
			"integrity": "sha512-A25xv5XCtarLwXpcDNZzCGvW2D1S3/bACratYBx2sax8PefsFhlYmkQicKHvpYflFS8if4zne5zT5kpJ7pzuvw=="
		},
		"vm2": {
			"version": "3.6.10",
			"resolved": "https://registry.npmjs.org/vm2/-/vm2-3.6.10.tgz",
			"integrity": "sha512-p4LBl7theIhmKaWPdCn25kEIG0bfDDEDx1lexXH7gcCu9pHIT+PKFgofwLHVHUGhe39lKExeaYVEZtdbQhdl2g=="
		}
	}
}
