{
	"name": "@activeledger/activetoolkits",
	"version": "2.1.12",
	"lockfileVersion": 1,
	"requires": true,
	"dependencies": {
		"@types/node": {
			"version": "10.17.13",
			"resolved": "https://registry.npmjs.org/@types/node/-/node-10.17.13.tgz",
			"integrity": "sha512-pMCcqU2zT4TjqYFrWtYHKal7Sl30Ims6ulZ4UFXxI4xbtQqK/qqKwkDoBFCfooRqqmRu9vY3xaJRwxSh673aYg==",
			"dev": true
		},
		"@types/pdfkit": {
			"version": "0.7.36",
			"resolved": "https://registry.npmjs.org/@types/pdfkit/-/pdfkit-0.7.36.tgz",
			"integrity": "sha512-9eRA6MuW+n78yU3HhoIrDxjyAX2++B5MpLDYqHOnaRTquCw+5sYXT+QN8E1eSaxvNUwlRfU3tOm4UzTeGWmBqg==",
			"dev": true,
			"requires": {
				"@types/node": "*"
			}
		},
		"@types/pdfmake": {
			"version": "0.1.9",
			"resolved": "https://registry.npmjs.org/@types/pdfmake/-/pdfmake-0.1.9.tgz",
			"integrity": "sha512-Svf7zMp5WvitWpBFGnuNuIKYSzdt0OcddRLF9wVirZFd9zZ+UsY0tiLmWsS5p4KgTuDA9aspGYik3J88jWmDYw==",
			"dev": true
		},
		"typescript": {
			"version": "3.7.4",
			"resolved": "https://registry.npmjs.org/typescript/-/typescript-3.7.4.tgz",
			"integrity": "sha512-A25xv5XCtarLwXpcDNZzCGvW2D1S3/bACratYBx2sax8PefsFhlYmkQicKHvpYflFS8if4zne5zT5kpJ7pzuvw==",
			"dev": true
		}
	}
}
