{
	"name": "@activeledger/activecontracts",
	"version": "2.5.1",
	"lockfileVersion": 2,
	"requires": true,
	"packages": {
		"": {
			"name": "@activeledger/activecontracts",
			"version": "2.5.0",
			"license": "MIT",
			"devDependencies": {
				"@types/node": "^10.12.23",
				"typescript": "^3.3.3"
			}
		},
		"node_modules/@types/node": {
			"version": "10.17.13",
			"resolved": "https://registry.npmjs.org/@types/node/-/node-10.17.13.tgz",
			"integrity": "sha512-pMCcqU2zT4TjqYFrWtYHKal7Sl30Ims6ulZ4UFXxI4xbtQqK/qqKwkDoBFCfooRqqmRu9vY3xaJRwxSh673aYg==",
			"dev": true
		},
		"node_modules/typescript": {
			"version": "3.7.4",
			"resolved": "https://registry.npmjs.org/typescript/-/typescript-3.7.4.tgz",
			"integrity": "sha512-A25xv5XCtarLwXpcDNZzCGvW2D1S3/bACratYBx2sax8PefsFhlYmkQicKHvpYflFS8if4zne5zT5kpJ7pzuvw==",
			"dev": true,
			"bin": {
				"tsc": "bin/tsc",
				"tsserver": "bin/tsserver"
			},
			"engines": {
				"node": ">=4.2.0"
			}
		}
	},
	"dependencies": {
		"@types/node": {
			"version": "10.17.13",
			"resolved": "https://registry.npmjs.org/@types/node/-/node-10.17.13.tgz",
			"integrity": "sha512-pMCcqU2zT4TjqYFrWtYHKal7Sl30Ims6ulZ4UFXxI4xbtQqK/qqKwkDoBFCfooRqqmRu9vY3xaJRwxSh673aYg==",
			"dev": true
		},
		"typescript": {
			"version": "3.7.4",
			"resolved": "https://registry.npmjs.org/typescript/-/typescript-3.7.4.tgz",
			"integrity": "sha512-A25xv5XCtarLwXpcDNZzCGvW2D1S3/bACratYBx2sax8PefsFhlYmkQicKHvpYflFS8if4zne5zT5kpJ7pzuvw==",
			"dev": true
		}
	}
}
